// !$*UTF8*$!
{
	archiveVersion = 1;
	classes = {
	};
	objectVersion = 50;
	objects = {

/* Begin PBXBuildFile section */
		84C6C62423A11B83008B6B75 /* RxRelay.framework.dSYM in Resources */ = {isa = PBXBuildFile; fileRef = 84C6C61C23A11B82008B6B75 /* RxRelay.framework.dSYM */; };
		84C6C62523A11B83008B6B75 /* RxSwift.framework.dSYM in Resources */ = {isa = PBXBuildFile; fileRef = 84C6C61D23A11B83008B6B75 /* RxSwift.framework.dSYM */; };
		84C6C62623A11B83008B6B75 /* RxCocoa.framework.dSYM in Resources */ = {isa = PBXBuildFile; fileRef = 84C6C61E23A11B83008B6B75 /* RxCocoa.framework.dSYM */; };
		84C6C62723A11B83008B6B75 /* RxBlocking.framework.dSYM in Resources */ = {isa = PBXBuildFile; fileRef = 84C6C61F23A11B83008B6B75 /* RxBlocking.framework.dSYM */; };
		84C6C62823A11B83008B6B75 /* SnapKit.framework.dSYM in Resources */ = {isa = PBXBuildFile; fileRef = 84C6C62023A11B83008B6B75 /* SnapKit.framework.dSYM */; };
		84C6C62923A11B83008B6B75 /* Quick.framework.dSYM in Resources */ = {isa = PBXBuildFile; fileRef = 84C6C62123A11B83008B6B75 /* Quick.framework.dSYM */; };
		84C6C62A23A11B83008B6B75 /* RxTest.framework.dSYM in Resources */ = {isa = PBXBuildFile; fileRef = 84C6C62223A11B83008B6B75 /* RxTest.framework.dSYM */; };
		84C6C62B23A11B83008B6B75 /* Swinject.framework.dSYM in Resources */ = {isa = PBXBuildFile; fileRef = 84C6C62323A11B83008B6B75 /* Swinject.framework.dSYM */; };
		84C6C62C23A11B9E008B6B75 /* Quick.framework.dSYM in Copy dSYMs */ = {isa = PBXBuildFile; fileRef = 84C6C62123A11B83008B6B75 /* Quick.framework.dSYM */; };
		84C6C62D23A11B9E008B6B75 /* RxBlocking.framework.dSYM in Copy dSYMs */ = {isa = PBXBuildFile; fileRef = 84C6C61F23A11B83008B6B75 /* RxBlocking.framework.dSYM */; };
		84C6C62E23A11B9E008B6B75 /* RxCocoa.framework.dSYM in Copy dSYMs */ = {isa = PBXBuildFile; fileRef = 84C6C61E23A11B83008B6B75 /* RxCocoa.framework.dSYM */; };
		84C6C62F23A11B9E008B6B75 /* RxRelay.framework.dSYM in Copy dSYMs */ = {isa = PBXBuildFile; fileRef = 84C6C61C23A11B82008B6B75 /* RxRelay.framework.dSYM */; };
		84C6C63023A11B9E008B6B75 /* RxSwift.framework.dSYM in Copy dSYMs */ = {isa = PBXBuildFile; fileRef = 84C6C61D23A11B83008B6B75 /* RxSwift.framework.dSYM */; };
		84C6C63123A11B9E008B6B75 /* RxTest.framework.dSYM in Copy dSYMs */ = {isa = PBXBuildFile; fileRef = 84C6C62223A11B83008B6B75 /* RxTest.framework.dSYM */; };
		84C6C63223A11B9E008B6B75 /* SnapKit.framework.dSYM in Copy dSYMs */ = {isa = PBXBuildFile; fileRef = 84C6C62023A11B83008B6B75 /* SnapKit.framework.dSYM */; };
		84C6C63323A11B9E008B6B75 /* Swinject.framework.dSYM in Copy dSYMs */ = {isa = PBXBuildFile; fileRef = 84C6C62323A11B83008B6B75 /* Swinject.framework.dSYM */; };
		84C6C63523A11DFA008B6B75 /* PixaBay.swift in Sources */ = {isa = PBXBuildFile; fileRef = 84C6C63423A11DFA008B6B75 /* PixaBay.swift */; };
		84C6C63723A11FDF008B6B75 /* PixaBay+Config.swift in Sources */ = {isa = PBXBuildFile; fileRef = 84C6C63623A11FDF008B6B75 /* PixaBay+Config.swift */; };
		84C6C63923A1210B008B6B75 /* ImageSearching.swift in Sources */ = {isa = PBXBuildFile; fileRef = 84C6C63823A1210B008B6B75 /* ImageSearching.swift */; };
		84C6C63B23A12154008B6B75 /* ImageSearch.swift in Sources */ = {isa = PBXBuildFile; fileRef = 84C6C63A23A12154008B6B75 /* ImageSearch.swift */; };
		84C6C63E23A128A6008B6B75 /* ImageSearchSpec.swift in Sources */ = {isa = PBXBuildFile; fileRef = 84C6C63C23A12882008B6B75 /* ImageSearchSpec.swift */; };
		84C6C64023A13416008B6B75 /* ImageSearchTableViewController.swift in Sources */ = {isa = PBXBuildFile; fileRef = 84C6C63F23A13416008B6B75 /* ImageSearchTableViewController.swift */; };
		84C6C64223A1344D008B6B75 /* ImageSearchTableViewCell.swift in Sources */ = {isa = PBXBuildFile; fileRef = 84C6C64123A1344D008B6B75 /* ImageSearchTableViewCell.swift */; };
		84C6C64B23A1416E008B6B75 /* ImageSearchTableViewModeling.swift in Sources */ = {isa = PBXBuildFile; fileRef = 84C6C64323A1408F008B6B75 /* ImageSearchTableViewModeling.swift */; };
		84C6C64C23A14173008B6B75 /* ImageSearchTableViewModel.swift in Sources */ = {isa = PBXBuildFile; fileRef = 84C6C64523A140A2008B6B75 /* ImageSearchTableViewModel.swift */; };
		84C6C64D23A14176008B6B75 /* ImageSearchTableViewCellModeling.swift in Sources */ = {isa = PBXBuildFile; fileRef = 84C6C64723A140D7008B6B75 /* ImageSearchTableViewCellModeling.swift */; };
		84C6C64E23A14178008B6B75 /* ImageSearchTableViewCellModel.swift in Sources */ = {isa = PBXBuildFile; fileRef = 84C6C64923A140E2008B6B75 /* ImageSearchTableViewCellModel.swift */; };
		84C6C65223A1B71C008B6B75 /* SceneDelegateSpec.swift in Sources */ = {isa = PBXBuildFile; fileRef = 84C6C64F23A1B60E008B6B75 /* SceneDelegateSpec.swift */; };
		84C6C65523A1B94E008B6B75 /* RxSwift.framework in Frameworks */ = {isa = PBXBuildFile; fileRef = FE9BFADD23A0D59A00FBF84A /* RxSwift.framework */; };
		84C6C65A23A1BF93008B6B75 /* RxSwift.framework in Frameworks */ = {isa = PBXBuildFile; fileRef = FE9BFADD23A0D59A00FBF84A /* RxSwift.framework */; };
		FE9BF9F123A0AB2300FBF84A /* AppDelegate.swift in Sources */ = {isa = PBXBuildFile; fileRef = FE9BF9F023A0AB2300FBF84A /* AppDelegate.swift */; };
		FE9BF9F323A0AB2300FBF84A /* SceneDelegate.swift in Sources */ = {isa = PBXBuildFile; fileRef = FE9BF9F223A0AB2300FBF84A /* SceneDelegate.swift */; };
		FE9BF9FA23A0AB2500FBF84A /* Assets.xcassets in Resources */ = {isa = PBXBuildFile; fileRef = FE9BF9F923A0AB2500FBF84A /* Assets.xcassets */; };
		FE9BF9FD23A0AB2500FBF84A /* LaunchScreen.storyboard in Resources */ = {isa = PBXBuildFile; fileRef = FE9BF9FB23A0AB2500FBF84A /* LaunchScreen.storyboard */; };
		FE9BFA0823A0AB2600FBF84A /* PhotoClientTests.swift in Sources */ = {isa = PBXBuildFile; fileRef = FE9BFA0723A0AB2600FBF84A /* PhotoClientTests.swift */; };
		FE9BFA1323A0AB2600FBF84A /* PhotoClientUITests.swift in Sources */ = {isa = PBXBuildFile; fileRef = FE9BFA1223A0AB2600FBF84A /* PhotoClientUITests.swift */; };
		FE9BFA3123A0AD4C00FBF84A /* PhotoClientView.framework in Frameworks */ = {isa = PBXBuildFile; fileRef = FE9BFA2823A0AD4C00FBF84A /* PhotoClientView.framework */; };
		FE9BFA3823A0AD4C00FBF84A /* PhotoClientViewTests.swift in Sources */ = {isa = PBXBuildFile; fileRef = FE9BFA3723A0AD4C00FBF84A /* PhotoClientViewTests.swift */; };
		FE9BFA3A23A0AD4C00FBF84A /* PhotoClientView.h in Headers */ = {isa = PBXBuildFile; fileRef = FE9BFA2A23A0AD4C00FBF84A /* PhotoClientView.h */; settings = {ATTRIBUTES = (Public, ); }; };
		FE9BFA3D23A0AD4C00FBF84A /* PhotoClientView.framework in Frameworks */ = {isa = PBXBuildFile; fileRef = FE9BFA2823A0AD4C00FBF84A /* PhotoClientView.framework */; };
		FE9BFA3E23A0AD4C00FBF84A /* PhotoClientView.framework in Embed Frameworks */ = {isa = PBXBuildFile; fileRef = FE9BFA2823A0AD4C00FBF84A /* PhotoClientView.framework */; settings = {ATTRIBUTES = (CodeSignOnCopy, RemoveHeadersOnCopy, ); }; };
		FE9BFA5423A0AD5F00FBF84A /* PhotoClientViewModel.framework in Frameworks */ = {isa = PBXBuildFile; fileRef = FE9BFA4B23A0AD5F00FBF84A /* PhotoClientViewModel.framework */; };
		FE9BFA5D23A0AD6000FBF84A /* PhotoClientViewModel.h in Headers */ = {isa = PBXBuildFile; fileRef = FE9BFA4D23A0AD5F00FBF84A /* PhotoClientViewModel.h */; settings = {ATTRIBUTES = (Public, ); }; };
		FE9BFA6023A0AD6000FBF84A /* PhotoClientViewModel.framework in Frameworks */ = {isa = PBXBuildFile; fileRef = FE9BFA4B23A0AD5F00FBF84A /* PhotoClientViewModel.framework */; };
		FE9BFA6123A0AD6000FBF84A /* PhotoClientViewModel.framework in Embed Frameworks */ = {isa = PBXBuildFile; fileRef = FE9BFA4B23A0AD5F00FBF84A /* PhotoClientViewModel.framework */; settings = {ATTRIBUTES = (CodeSignOnCopy, RemoveHeadersOnCopy, ); }; };
		FE9BFA7623A0AD7000FBF84A /* PhotoClientModel.framework in Frameworks */ = {isa = PBXBuildFile; fileRef = FE9BFA6D23A0AD7000FBF84A /* PhotoClientModel.framework */; };
		FE9BFA7F23A0AD7100FBF84A /* PhotoClientModel.h in Headers */ = {isa = PBXBuildFile; fileRef = FE9BFA6F23A0AD7000FBF84A /* PhotoClientModel.h */; settings = {ATTRIBUTES = (Public, ); }; };
		FE9BFA8223A0AD7100FBF84A /* PhotoClientModel.framework in Frameworks */ = {isa = PBXBuildFile; fileRef = FE9BFA6D23A0AD7000FBF84A /* PhotoClientModel.framework */; };
		FE9BFA8323A0AD7100FBF84A /* PhotoClientModel.framework in Embed Frameworks */ = {isa = PBXBuildFile; fileRef = FE9BFA6D23A0AD7000FBF84A /* PhotoClientModel.framework */; settings = {ATTRIBUTES = (CodeSignOnCopy, RemoveHeadersOnCopy, ); }; };
		FE9BFA8E23A0B02A00FBF84A /* PhotoClientModel.framework in Frameworks */ = {isa = PBXBuildFile; fileRef = FE9BFA6D23A0AD7000FBF84A /* PhotoClientModel.framework */; };
		FE9BFA9123A0B20300FBF84A /* PhotoClientViewModel.framework in Frameworks */ = {isa = PBXBuildFile; fileRef = FE9BFA4B23A0AD5F00FBF84A /* PhotoClientViewModel.framework */; };
		FE9BFA9523A0B63A00FBF84A /* PhotoClientViewModel.framework in Frameworks */ = {isa = PBXBuildFile; fileRef = FE9BFA4B23A0AD5F00FBF84A /* PhotoClientViewModel.framework */; };
		FE9BFA9623A0B64600FBF84A /* PhotoClientModel.framework in Frameworks */ = {isa = PBXBuildFile; fileRef = FE9BFA6D23A0AD7000FBF84A /* PhotoClientModel.framework */; };
		FE9BFA9A23A0C04100FBF84A /* PhotoClientModel.framework in Frameworks */ = {isa = PBXBuildFile; fileRef = FE9BFA6D23A0AD7000FBF84A /* PhotoClientModel.framework */; };
		FE9BFA9B23A0C04100FBF84A /* PhotoClientView.framework in Frameworks */ = {isa = PBXBuildFile; fileRef = FE9BFA2823A0AD4C00FBF84A /* PhotoClientView.framework */; };
		FE9BFA9C23A0C04100FBF84A /* PhotoClientViewModel.framework in Frameworks */ = {isa = PBXBuildFile; fileRef = FE9BFA4B23A0AD5F00FBF84A /* PhotoClientViewModel.framework */; };
		FE9BFAD923A0D44A00FBF84A /* ImageEntity.swift in Sources */ = {isa = PBXBuildFile; fileRef = FE9BFAD823A0D44A00FBF84A /* ImageEntity.swift */; };
		FE9BFAE023A0D5AE00FBF84A /* RxCocoa.framework in Frameworks */ = {isa = PBXBuildFile; fileRef = FE9BFADC23A0D59A00FBF84A /* RxCocoa.framework */; };
		FE9BFAE123A0D5AE00FBF84A /* RxSwift.framework in Frameworks */ = {isa = PBXBuildFile; fileRef = FE9BFADD23A0D59A00FBF84A /* RxSwift.framework */; };
		FE9BFAE323A0D5B200FBF84A /* Alamofire.framework in Frameworks */ = {isa = PBXBuildFile; fileRef = FE9BFAE223A0D5B200FBF84A /* Alamofire.framework */; };
		FE9BFAE423A0D5C300FBF84A /* Himotoki.framework in Frameworks */ = {isa = PBXBuildFile; fileRef = FE9BFADA23A0D58100FBF84A /* Himotoki.framework */; };
		FE9BFAE623A0D5DA00FBF84A /* Swinject.framework in Frameworks */ = {isa = PBXBuildFile; fileRef = FE9BFAE523A0D5DA00FBF84A /* Swinject.framework */; };
		FE9BFAEA23A0D5F700FBF84A /* Quick.framework in Frameworks */ = {isa = PBXBuildFile; fileRef = FE9BFAE923A0D5F700FBF84A /* Quick.framework */; };
		FE9BFAEC23A0D6BE00FBF84A /* ResponseEntity.swift in Sources */ = {isa = PBXBuildFile; fileRef = FE9BFAEB23A0D6BE00FBF84A /* ResponseEntity.swift */; };
		FE9BFAF923A0DB3B00FBF84A /* Nimble.framework in Frameworks */ = {isa = PBXBuildFile; fileRef = FE9BFAE723A0D5F500FBF84A /* Nimble.framework */; };
		FE9BFAFE23A0DCD700FBF84A /* Quick.framework in Copy Frameworks */ = {isa = PBXBuildFile; fileRef = FE9BFAE923A0D5F700FBF84A /* Quick.framework */; settings = {ATTRIBUTES = (CodeSignOnCopy, RemoveHeadersOnCopy, ); }; };
		FE9BFAFF23A0DCD900FBF84A /* Nimble.framework in Copy Frameworks */ = {isa = PBXBuildFile; fileRef = FE9BFAE723A0D5F500FBF84A /* Nimble.framework */; settings = {ATTRIBUTES = (CodeSignOnCopy, RemoveHeadersOnCopy, ); }; };
		FE9BFB0223A0DFA600FBF84A /* Swinject.framework in Frameworks */ = {isa = PBXBuildFile; fileRef = FE9BFAE523A0D5DA00FBF84A /* Swinject.framework */; };
		FE9BFB0423A0DFD000FBF84A /* Quick.framework in Frameworks */ = {isa = PBXBuildFile; fileRef = FE9BFAE923A0D5F700FBF84A /* Quick.framework */; };
		FE9BFB0523A0DFD000FBF84A /* Quick.framework in Frameworks */ = {isa = PBXBuildFile; fileRef = FE9BFAE923A0D5F700FBF84A /* Quick.framework */; };
		FE9BFB0623A0DFD900FBF84A /* Quick.framework in Frameworks */ = {isa = PBXBuildFile; fileRef = FE9BFAE923A0D5F700FBF84A /* Quick.framework */; };
		FE9BFB0723A0DFDE00FBF84A /* Nimble.framework in Frameworks */ = {isa = PBXBuildFile; fileRef = FE9BFAE723A0D5F500FBF84A /* Nimble.framework */; };
		FE9BFB0823A0DFE000FBF84A /* Nimble.framework in Frameworks */ = {isa = PBXBuildFile; fileRef = FE9BFAE723A0D5F500FBF84A /* Nimble.framework */; };
		FE9BFB0923A0DFE000FBF84A /* Nimble.framework in Frameworks */ = {isa = PBXBuildFile; fileRef = FE9BFAE723A0D5F500FBF84A /* Nimble.framework */; };
		FE9BFB0A23A0E07100FBF84A /* Dummy.swift in Sources */ = {isa = PBXBuildFile; fileRef = FE9BFAED23A0D7D900FBF84A /* Dummy.swift */; };
		FE9BFB0B23A0E07100FBF84A /* ImageEntitySpec.swift in Sources */ = {isa = PBXBuildFile; fileRef = FE9BFAEF23A0D8B200FBF84A /* ImageEntitySpec.swift */; };
		FE9BFB0D23A0E15100FBF84A /* RxRelay.framework in Frameworks */ = {isa = PBXBuildFile; fileRef = FE9BFB0C23A0E15000FBF84A /* RxRelay.framework */; };
		FE9BFB0E23A0E1AD00FBF84A /* Himotoki.framework in Frameworks */ = {isa = PBXBuildFile; fileRef = FE9BFADA23A0D58100FBF84A /* Himotoki.framework */; };
		FE9BFB0F23A0E22700FBF84A /* Himotoki.framework in Copy Frameworks */ = {isa = PBXBuildFile; fileRef = FE9BFADA23A0D58100FBF84A /* Himotoki.framework */; settings = {ATTRIBUTES = (CodeSignOnCopy, RemoveHeadersOnCopy, ); }; };
		FE9BFB1023A0E25000FBF84A /* Alamofire.framework in Copy Frameworks */ = {isa = PBXBuildFile; fileRef = FE9BFAE223A0D5B200FBF84A /* Alamofire.framework */; settings = {ATTRIBUTES = (CodeSignOnCopy, RemoveHeadersOnCopy, ); }; };
		FE9BFB1123A0E26B00FBF84A /* RxCocoa.framework in Copy Frameworks */ = {isa = PBXBuildFile; fileRef = FE9BFADC23A0D59A00FBF84A /* RxCocoa.framework */; settings = {ATTRIBUTES = (CodeSignOnCopy, RemoveHeadersOnCopy, ); }; };
		FE9BFB1223A0E28800FBF84A /* RxSwift.framework in Copy Frameworks */ = {isa = PBXBuildFile; fileRef = FE9BFADD23A0D59A00FBF84A /* RxSwift.framework */; settings = {ATTRIBUTES = (CodeSignOnCopy, RemoveHeadersOnCopy, ); }; };
		FE9BFB1323A0E2A100FBF84A /* RxRelay.framework in Copy Frameworks */ = {isa = PBXBuildFile; fileRef = FE9BFB0C23A0E15000FBF84A /* RxRelay.framework */; settings = {ATTRIBUTES = (CodeSignOnCopy, RemoveHeadersOnCopy, ); }; };
		FE9BFB1523A0E34800FBF84A /* Quick.framework in Copy Frameworks */ = {isa = PBXBuildFile; fileRef = FE9BFAE923A0D5F700FBF84A /* Quick.framework */; settings = {ATTRIBUTES = (CodeSignOnCopy, RemoveHeadersOnCopy, ); }; };
		FE9BFB1623A0E34800FBF84A /* Nimble.framework in Copy Frameworks */ = {isa = PBXBuildFile; fileRef = FE9BFAE723A0D5F500FBF84A /* Nimble.framework */; settings = {ATTRIBUTES = (CodeSignOnCopy, RemoveHeadersOnCopy, ); }; };
		FE9BFB1723A0E35600FBF84A /* RxRelay.framework in Copy Frameworks */ = {isa = PBXBuildFile; fileRef = FE9BFB0C23A0E15000FBF84A /* RxRelay.framework */; settings = {ATTRIBUTES = (CodeSignOnCopy, RemoveHeadersOnCopy, ); }; };
		FE9BFB1823A0E35600FBF84A /* Alamofire.framework in Copy Frameworks */ = {isa = PBXBuildFile; fileRef = FE9BFAE223A0D5B200FBF84A /* Alamofire.framework */; settings = {ATTRIBUTES = (CodeSignOnCopy, RemoveHeadersOnCopy, ); }; };
		FE9BFB1923A0E35600FBF84A /* RxCocoa.framework in Copy Frameworks */ = {isa = PBXBuildFile; fileRef = FE9BFADC23A0D59A00FBF84A /* RxCocoa.framework */; settings = {ATTRIBUTES = (CodeSignOnCopy, RemoveHeadersOnCopy, ); }; };
		FE9BFB1A23A0E35700FBF84A /* RxSwift.framework in Copy Frameworks */ = {isa = PBXBuildFile; fileRef = FE9BFADD23A0D59A00FBF84A /* RxSwift.framework */; settings = {ATTRIBUTES = (CodeSignOnCopy, RemoveHeadersOnCopy, ); }; };
		FE9BFB1B23A0E35700FBF84A /* Himotoki.framework in Copy Frameworks */ = {isa = PBXBuildFile; fileRef = FE9BFADA23A0D58100FBF84A /* Himotoki.framework */; settings = {ATTRIBUTES = (CodeSignOnCopy, RemoveHeadersOnCopy, ); }; };
		FE9BFB1D23A0E38500FBF84A /* RxRelay.framework in Copy Frameworks */ = {isa = PBXBuildFile; fileRef = FE9BFB0C23A0E15000FBF84A /* RxRelay.framework */; settings = {ATTRIBUTES = (CodeSignOnCopy, RemoveHeadersOnCopy, ); }; };
		FE9BFB1E23A0E38500FBF84A /* Quick.framework in Copy Frameworks */ = {isa = PBXBuildFile; fileRef = FE9BFAE923A0D5F700FBF84A /* Quick.framework */; settings = {ATTRIBUTES = (CodeSignOnCopy, RemoveHeadersOnCopy, ); }; };
		FE9BFB1F23A0E38500FBF84A /* Nimble.framework in Copy Frameworks */ = {isa = PBXBuildFile; fileRef = FE9BFAE723A0D5F500FBF84A /* Nimble.framework */; settings = {ATTRIBUTES = (CodeSignOnCopy, RemoveHeadersOnCopy, ); }; };
		FE9BFB2023A0E38600FBF84A /* Alamofire.framework in Copy Frameworks */ = {isa = PBXBuildFile; fileRef = FE9BFAE223A0D5B200FBF84A /* Alamofire.framework */; settings = {ATTRIBUTES = (CodeSignOnCopy, RemoveHeadersOnCopy, ); }; };
		FE9BFB2123A0E38600FBF84A /* RxCocoa.framework in Copy Frameworks */ = {isa = PBXBuildFile; fileRef = FE9BFADC23A0D59A00FBF84A /* RxCocoa.framework */; settings = {ATTRIBUTES = (CodeSignOnCopy, RemoveHeadersOnCopy, ); }; };
		FE9BFB2223A0E38600FBF84A /* RxSwift.framework in Copy Frameworks */ = {isa = PBXBuildFile; fileRef = FE9BFADD23A0D59A00FBF84A /* RxSwift.framework */; settings = {ATTRIBUTES = (CodeSignOnCopy, RemoveHeadersOnCopy, ); }; };
		FE9BFB2323A0E38600FBF84A /* Himotoki.framework in Copy Frameworks */ = {isa = PBXBuildFile; fileRef = FE9BFADA23A0D58100FBF84A /* Himotoki.framework */; settings = {ATTRIBUTES = (CodeSignOnCopy, RemoveHeadersOnCopy, ); }; };
		FE9BFB2523A0E40F00FBF84A /* Nimble.framework in Copy Frameworks */ = {isa = PBXBuildFile; fileRef = FE9BFAE723A0D5F500FBF84A /* Nimble.framework */; settings = {ATTRIBUTES = (CodeSignOnCopy, RemoveHeadersOnCopy, ); }; };
		FE9BFB2623A0E44100FBF84A /* Quick.framework in Copy Frameworks */ = {isa = PBXBuildFile; fileRef = FE9BFAE923A0D5F700FBF84A /* Quick.framework */; settings = {ATTRIBUTES = (CodeSignOnCopy, RemoveHeadersOnCopy, ); }; };
		FE9BFB2823A0E50800FBF84A /* Networking.swift in Sources */ = {isa = PBXBuildFile; fileRef = FE9BFB2723A0E50800FBF84A /* Networking.swift */; };
		FE9BFB2A23A0E58800FBF84A /* NetworkError.swift in Sources */ = {isa = PBXBuildFile; fileRef = FE9BFB2923A0E58800FBF84A /* NetworkError.swift */; };
		FE9BFB2C23A0E71D00FBF84A /* Network.swift in Sources */ = {isa = PBXBuildFile; fileRef = FE9BFB2B23A0E71D00FBF84A /* Network.swift */; };
		FE9BFB2F23A0EBF400FBF84A /* NetworkSpec.swift in Sources */ = {isa = PBXBuildFile; fileRef = FE9BFB2D23A0EBD600FBF84A /* NetworkSpec.swift */; };
		FE9BFB4C23A239A700FBF84A /* RxSwift.framework in Frameworks */ = {isa = PBXBuildFile; fileRef = FE9BFADD23A0D59A00FBF84A /* RxSwift.framework */; };
		FE9BFB4D23A23BB200FBF84A /* DummyResponse.swift in Sources */ = {isa = PBXBuildFile; fileRef = 84C6C65623A1BE6F008B6B75 /* DummyResponse.swift */; };
		FE9BFB4E23A23BBA00FBF84A /* ImageSearchTableViewModelSpec.swift in Sources */ = {isa = PBXBuildFile; fileRef = 84C6C65823A1BEB7008B6B75 /* ImageSearchTableViewModelSpec.swift */; };
/* End PBXBuildFile section */

/* Begin PBXContainerItemProxy section */
		FE9BFA0423A0AB2600FBF84A /* PBXContainerItemProxy */ = {
			isa = PBXContainerItemProxy;
			containerPortal = FE9BF9E523A0AB2300FBF84A /* Project object */;
			proxyType = 1;
			remoteGlobalIDString = FE9BF9EC23A0AB2300FBF84A;
			remoteInfo = PhotoClient;
		};
		FE9BFA0F23A0AB2600FBF84A /* PBXContainerItemProxy */ = {
			isa = PBXContainerItemProxy;
			containerPortal = FE9BF9E523A0AB2300FBF84A /* Project object */;
			proxyType = 1;
			remoteGlobalIDString = FE9BF9EC23A0AB2300FBF84A;
			remoteInfo = PhotoClient;
		};
		FE9BFA3223A0AD4C00FBF84A /* PBXContainerItemProxy */ = {
			isa = PBXContainerItemProxy;
			containerPortal = FE9BF9E523A0AB2300FBF84A /* Project object */;
			proxyType = 1;
			remoteGlobalIDString = FE9BFA2723A0AD4C00FBF84A;
			remoteInfo = PhotoClientView;
		};
		FE9BFA3B23A0AD4C00FBF84A /* PBXContainerItemProxy */ = {
			isa = PBXContainerItemProxy;
			containerPortal = FE9BF9E523A0AB2300FBF84A /* Project object */;
			proxyType = 1;
			remoteGlobalIDString = FE9BFA2723A0AD4C00FBF84A;
			remoteInfo = PhotoClientView;
		};
		FE9BFA5523A0AD5F00FBF84A /* PBXContainerItemProxy */ = {
			isa = PBXContainerItemProxy;
			containerPortal = FE9BF9E523A0AB2300FBF84A /* Project object */;
			proxyType = 1;
			remoteGlobalIDString = FE9BFA4A23A0AD5F00FBF84A;
			remoteInfo = PhotoClientViewModel;
		};
		FE9BFA5E23A0AD6000FBF84A /* PBXContainerItemProxy */ = {
			isa = PBXContainerItemProxy;
			containerPortal = FE9BF9E523A0AB2300FBF84A /* Project object */;
			proxyType = 1;
			remoteGlobalIDString = FE9BFA4A23A0AD5F00FBF84A;
			remoteInfo = PhotoClientViewModel;
		};
		FE9BFA7723A0AD7000FBF84A /* PBXContainerItemProxy */ = {
			isa = PBXContainerItemProxy;
			containerPortal = FE9BF9E523A0AB2300FBF84A /* Project object */;
			proxyType = 1;
			remoteGlobalIDString = FE9BFA6C23A0AD7000FBF84A;
			remoteInfo = PhotoClientModel;
		};
		FE9BFA8023A0AD7100FBF84A /* PBXContainerItemProxy */ = {
			isa = PBXContainerItemProxy;
			containerPortal = FE9BF9E523A0AB2300FBF84A /* Project object */;
			proxyType = 1;
			remoteGlobalIDString = FE9BFA6C23A0AD7000FBF84A;
			remoteInfo = PhotoClientModel;
		};
		FE9BFA8B23A0AEEE00FBF84A /* PBXContainerItemProxy */ = {
			isa = PBXContainerItemProxy;
			containerPortal = FE9BF9E523A0AB2300FBF84A /* Project object */;
			proxyType = 1;
			remoteGlobalIDString = FE9BFA6C23A0AD7000FBF84A;
			remoteInfo = PhotoClientModel;
		};
		FE9BFA8F23A0B1FF00FBF84A /* PBXContainerItemProxy */ = {
			isa = PBXContainerItemProxy;
			containerPortal = FE9BF9E523A0AB2300FBF84A /* Project object */;
			proxyType = 1;
			remoteGlobalIDString = FE9BFA4A23A0AD5F00FBF84A;
			remoteInfo = PhotoClientViewModel;
		};
/* End PBXContainerItemProxy section */

/* Begin PBXCopyFilesBuildPhase section */
		FE9BFA4223A0AD4C00FBF84A /* Embed Frameworks */ = {
			isa = PBXCopyFilesBuildPhase;
			buildActionMask = 2147483647;
			dstPath = "";
			dstSubfolderSpec = 10;
			files = (
				FE9BFA8323A0AD7100FBF84A /* PhotoClientModel.framework in Embed Frameworks */,
				FE9BFA3E23A0AD4C00FBF84A /* PhotoClientView.framework in Embed Frameworks */,
				FE9BFA6123A0AD6000FBF84A /* PhotoClientViewModel.framework in Embed Frameworks */,
			);
			name = "Embed Frameworks";
			runOnlyForDeploymentPostprocessing = 0;
		};
		FE9BFACA23A0CFE500FBF84A /* Copy dSYMs */ = {
			isa = PBXCopyFilesBuildPhase;
			buildActionMask = 12;
			dstPath = dSYMs;
			dstSubfolderSpec = 16;
			files = (
				84C6C62C23A11B9E008B6B75 /* Quick.framework.dSYM in Copy dSYMs */,
				84C6C62D23A11B9E008B6B75 /* RxBlocking.framework.dSYM in Copy dSYMs */,
				84C6C62E23A11B9E008B6B75 /* RxCocoa.framework.dSYM in Copy dSYMs */,
				84C6C62F23A11B9E008B6B75 /* RxRelay.framework.dSYM in Copy dSYMs */,
				84C6C63023A11B9E008B6B75 /* RxSwift.framework.dSYM in Copy dSYMs */,
				84C6C63123A11B9E008B6B75 /* RxTest.framework.dSYM in Copy dSYMs */,
				84C6C63223A11B9E008B6B75 /* SnapKit.framework.dSYM in Copy dSYMs */,
				84C6C63323A11B9E008B6B75 /* Swinject.framework.dSYM in Copy dSYMs */,
			);
			name = "Copy dSYMs";
			runOnlyForDeploymentPostprocessing = 0;
		};
		FE9BFAF123A0DA1800FBF84A /* Copy Frameworks */ = {
			isa = PBXCopyFilesBuildPhase;
			buildActionMask = 12;
			dstPath = "";
			dstSubfolderSpec = 10;
			files = (
				FE9BFB1323A0E2A100FBF84A /* RxRelay.framework in Copy Frameworks */,
				FE9BFB1223A0E28800FBF84A /* RxSwift.framework in Copy Frameworks */,
				FE9BFB1123A0E26B00FBF84A /* RxCocoa.framework in Copy Frameworks */,
				FE9BFB1023A0E25000FBF84A /* Alamofire.framework in Copy Frameworks */,
				FE9BFB0F23A0E22700FBF84A /* Himotoki.framework in Copy Frameworks */,
				FE9BFAFE23A0DCD700FBF84A /* Quick.framework in Copy Frameworks */,
				FE9BFAFF23A0DCD900FBF84A /* Nimble.framework in Copy Frameworks */,
			);
			name = "Copy Frameworks";
			runOnlyForDeploymentPostprocessing = 0;
		};
		FE9BFB1423A0E33500FBF84A /* Copy Frameworks */ = {
			isa = PBXCopyFilesBuildPhase;
			buildActionMask = 2147483647;
			dstPath = "";
			dstSubfolderSpec = 10;
			files = (
				FE9BFB1723A0E35600FBF84A /* RxRelay.framework in Copy Frameworks */,
				FE9BFB1823A0E35600FBF84A /* Alamofire.framework in Copy Frameworks */,
				FE9BFB1923A0E35600FBF84A /* RxCocoa.framework in Copy Frameworks */,
				FE9BFB1A23A0E35700FBF84A /* RxSwift.framework in Copy Frameworks */,
				FE9BFB1B23A0E35700FBF84A /* Himotoki.framework in Copy Frameworks */,
				FE9BFB1523A0E34800FBF84A /* Quick.framework in Copy Frameworks */,
				FE9BFB1623A0E34800FBF84A /* Nimble.framework in Copy Frameworks */,
			);
			name = "Copy Frameworks";
			runOnlyForDeploymentPostprocessing = 0;
		};
		FE9BFB1C23A0E37200FBF84A /* Copy Frameworks */ = {
			isa = PBXCopyFilesBuildPhase;
			buildActionMask = 2147483647;
			dstPath = "";
			dstSubfolderSpec = 10;
			files = (
				FE9BFB1D23A0E38500FBF84A /* RxRelay.framework in Copy Frameworks */,
				FE9BFB1E23A0E38500FBF84A /* Quick.framework in Copy Frameworks */,
				FE9BFB1F23A0E38500FBF84A /* Nimble.framework in Copy Frameworks */,
				FE9BFB2023A0E38600FBF84A /* Alamofire.framework in Copy Frameworks */,
				FE9BFB2123A0E38600FBF84A /* RxCocoa.framework in Copy Frameworks */,
				FE9BFB2223A0E38600FBF84A /* RxSwift.framework in Copy Frameworks */,
				FE9BFB2323A0E38600FBF84A /* Himotoki.framework in Copy Frameworks */,
			);
			name = "Copy Frameworks";
			runOnlyForDeploymentPostprocessing = 0;
		};
		FE9BFB2423A0E3E700FBF84A /* Copy Frameworks */ = {
			isa = PBXCopyFilesBuildPhase;
			buildActionMask = 2147483647;
			dstPath = "";
			dstSubfolderSpec = 10;
			files = (
				FE9BFB2623A0E44100FBF84A /* Quick.framework in Copy Frameworks */,
				FE9BFB2523A0E40F00FBF84A /* Nimble.framework in Copy Frameworks */,
			);
			name = "Copy Frameworks";
			runOnlyForDeploymentPostprocessing = 0;
		};
/* End PBXCopyFilesBuildPhase section */

/* Begin PBXFileReference section */
		84C6C61C23A11B82008B6B75 /* RxRelay.framework.dSYM */ = {isa = PBXFileReference; lastKnownFileType = wrapper.dsym; name = RxRelay.framework.dSYM; path = Carthage/Build/iOS/RxRelay.framework.dSYM; sourceTree = SOURCE_ROOT; };
		84C6C61D23A11B83008B6B75 /* RxSwift.framework.dSYM */ = {isa = PBXFileReference; lastKnownFileType = wrapper.dsym; name = RxSwift.framework.dSYM; path = Carthage/Build/iOS/RxSwift.framework.dSYM; sourceTree = SOURCE_ROOT; };
		84C6C61E23A11B83008B6B75 /* RxCocoa.framework.dSYM */ = {isa = PBXFileReference; lastKnownFileType = wrapper.dsym; name = RxCocoa.framework.dSYM; path = Carthage/Build/iOS/RxCocoa.framework.dSYM; sourceTree = SOURCE_ROOT; };
		84C6C61F23A11B83008B6B75 /* RxBlocking.framework.dSYM */ = {isa = PBXFileReference; lastKnownFileType = wrapper.dsym; name = RxBlocking.framework.dSYM; path = Carthage/Build/iOS/RxBlocking.framework.dSYM; sourceTree = SOURCE_ROOT; };
		84C6C62023A11B83008B6B75 /* SnapKit.framework.dSYM */ = {isa = PBXFileReference; lastKnownFileType = wrapper.dsym; name = SnapKit.framework.dSYM; path = Carthage/Build/iOS/SnapKit.framework.dSYM; sourceTree = SOURCE_ROOT; };
		84C6C62123A11B83008B6B75 /* Quick.framework.dSYM */ = {isa = PBXFileReference; lastKnownFileType = wrapper.dsym; name = Quick.framework.dSYM; path = Carthage/Build/iOS/Quick.framework.dSYM; sourceTree = SOURCE_ROOT; };
		84C6C62223A11B83008B6B75 /* RxTest.framework.dSYM */ = {isa = PBXFileReference; lastKnownFileType = wrapper.dsym; name = RxTest.framework.dSYM; path = Carthage/Build/iOS/RxTest.framework.dSYM; sourceTree = SOURCE_ROOT; };
		84C6C62323A11B83008B6B75 /* Swinject.framework.dSYM */ = {isa = PBXFileReference; lastKnownFileType = wrapper.dsym; name = Swinject.framework.dSYM; path = Carthage/Build/iOS/Swinject.framework.dSYM; sourceTree = SOURCE_ROOT; };
		84C6C63423A11DFA008B6B75 /* PixaBay.swift */ = {isa = PBXFileReference; lastKnownFileType = sourcecode.swift; path = PixaBay.swift; sourceTree = "<group>"; };
		84C6C63623A11FDF008B6B75 /* PixaBay+Config.swift */ = {isa = PBXFileReference; lastKnownFileType = sourcecode.swift; path = "PixaBay+Config.swift"; sourceTree = "<group>"; };
		84C6C63823A1210B008B6B75 /* ImageSearching.swift */ = {isa = PBXFileReference; lastKnownFileType = sourcecode.swift; path = ImageSearching.swift; sourceTree = "<group>"; };
		84C6C63A23A12154008B6B75 /* ImageSearch.swift */ = {isa = PBXFileReference; lastKnownFileType = sourcecode.swift; path = ImageSearch.swift; sourceTree = "<group>"; };
		84C6C63C23A12882008B6B75 /* ImageSearchSpec.swift */ = {isa = PBXFileReference; lastKnownFileType = sourcecode.swift; path = ImageSearchSpec.swift; sourceTree = "<group>"; };
		84C6C63F23A13416008B6B75 /* ImageSearchTableViewController.swift */ = {isa = PBXFileReference; lastKnownFileType = sourcecode.swift; path = ImageSearchTableViewController.swift; sourceTree = "<group>"; };
		84C6C64123A1344D008B6B75 /* ImageSearchTableViewCell.swift */ = {isa = PBXFileReference; lastKnownFileType = sourcecode.swift; path = ImageSearchTableViewCell.swift; sourceTree = "<group>"; };
		84C6C64323A1408F008B6B75 /* ImageSearchTableViewModeling.swift */ = {isa = PBXFileReference; lastKnownFileType = sourcecode.swift; path = ImageSearchTableViewModeling.swift; sourceTree = "<group>"; };
		84C6C64523A140A2008B6B75 /* ImageSearchTableViewModel.swift */ = {isa = PBXFileReference; lastKnownFileType = sourcecode.swift; path = ImageSearchTableViewModel.swift; sourceTree = "<group>"; };
		84C6C64723A140D7008B6B75 /* ImageSearchTableViewCellModeling.swift */ = {isa = PBXFileReference; lastKnownFileType = sourcecode.swift; path = ImageSearchTableViewCellModeling.swift; sourceTree = "<group>"; };
		84C6C64923A140E2008B6B75 /* ImageSearchTableViewCellModel.swift */ = {isa = PBXFileReference; lastKnownFileType = sourcecode.swift; path = ImageSearchTableViewCellModel.swift; sourceTree = "<group>"; };
		84C6C64F23A1B60E008B6B75 /* SceneDelegateSpec.swift */ = {isa = PBXFileReference; lastKnownFileType = sourcecode.swift; path = SceneDelegateSpec.swift; sourceTree = "<group>"; };
		84C6C65623A1BE6F008B6B75 /* DummyResponse.swift */ = {isa = PBXFileReference; lastKnownFileType = sourcecode.swift; path = DummyResponse.swift; sourceTree = "<group>"; };
		84C6C65823A1BEB7008B6B75 /* ImageSearchTableViewModelSpec.swift */ = {isa = PBXFileReference; lastKnownFileType = sourcecode.swift; path = ImageSearchTableViewModelSpec.swift; sourceTree = "<group>"; };
		FE9BF9ED23A0AB2300FBF84A /* PhotoClient.app */ = {isa = PBXFileReference; explicitFileType = wrapper.application; includeInIndex = 0; path = PhotoClient.app; sourceTree = BUILT_PRODUCTS_DIR; };
		FE9BF9F023A0AB2300FBF84A /* AppDelegate.swift */ = {isa = PBXFileReference; lastKnownFileType = sourcecode.swift; path = AppDelegate.swift; sourceTree = "<group>"; };
		FE9BF9F223A0AB2300FBF84A /* SceneDelegate.swift */ = {isa = PBXFileReference; lastKnownFileType = sourcecode.swift; path = SceneDelegate.swift; sourceTree = "<group>"; };
		FE9BF9F923A0AB2500FBF84A /* Assets.xcassets */ = {isa = PBXFileReference; lastKnownFileType = folder.assetcatalog; path = Assets.xcassets; sourceTree = "<group>"; };
		FE9BF9FC23A0AB2500FBF84A /* Base */ = {isa = PBXFileReference; lastKnownFileType = file.storyboard; name = Base; path = Base.lproj/LaunchScreen.storyboard; sourceTree = "<group>"; };
		FE9BF9FE23A0AB2500FBF84A /* Info.plist */ = {isa = PBXFileReference; lastKnownFileType = text.plist.xml; path = Info.plist; sourceTree = "<group>"; };
		FE9BFA0323A0AB2600FBF84A /* PhotoClientTests.xctest */ = {isa = PBXFileReference; explicitFileType = wrapper.cfbundle; includeInIndex = 0; path = PhotoClientTests.xctest; sourceTree = BUILT_PRODUCTS_DIR; };
		FE9BFA0723A0AB2600FBF84A /* PhotoClientTests.swift */ = {isa = PBXFileReference; lastKnownFileType = sourcecode.swift; path = PhotoClientTests.swift; sourceTree = "<group>"; };
		FE9BFA0923A0AB2600FBF84A /* Info.plist */ = {isa = PBXFileReference; lastKnownFileType = text.plist.xml; path = Info.plist; sourceTree = "<group>"; };
		FE9BFA0E23A0AB2600FBF84A /* PhotoClientUITests.xctest */ = {isa = PBXFileReference; explicitFileType = wrapper.cfbundle; includeInIndex = 0; path = PhotoClientUITests.xctest; sourceTree = BUILT_PRODUCTS_DIR; };
		FE9BFA1223A0AB2600FBF84A /* PhotoClientUITests.swift */ = {isa = PBXFileReference; lastKnownFileType = sourcecode.swift; path = PhotoClientUITests.swift; sourceTree = "<group>"; };
		FE9BFA1423A0AB2600FBF84A /* Info.plist */ = {isa = PBXFileReference; lastKnownFileType = text.plist.xml; path = Info.plist; sourceTree = "<group>"; };
		FE9BFA2823A0AD4C00FBF84A /* PhotoClientView.framework */ = {isa = PBXFileReference; explicitFileType = wrapper.framework; includeInIndex = 0; path = PhotoClientView.framework; sourceTree = BUILT_PRODUCTS_DIR; };
		FE9BFA2A23A0AD4C00FBF84A /* PhotoClientView.h */ = {isa = PBXFileReference; lastKnownFileType = sourcecode.c.h; path = PhotoClientView.h; sourceTree = "<group>"; };
		FE9BFA2B23A0AD4C00FBF84A /* Info.plist */ = {isa = PBXFileReference; lastKnownFileType = text.plist.xml; path = Info.plist; sourceTree = "<group>"; };
		FE9BFA3023A0AD4C00FBF84A /* PhotoClientViewTests.xctest */ = {isa = PBXFileReference; explicitFileType = wrapper.cfbundle; includeInIndex = 0; path = PhotoClientViewTests.xctest; sourceTree = BUILT_PRODUCTS_DIR; };
		FE9BFA3723A0AD4C00FBF84A /* PhotoClientViewTests.swift */ = {isa = PBXFileReference; lastKnownFileType = sourcecode.swift; path = PhotoClientViewTests.swift; sourceTree = "<group>"; };
		FE9BFA3923A0AD4C00FBF84A /* Info.plist */ = {isa = PBXFileReference; lastKnownFileType = text.plist.xml; path = Info.plist; sourceTree = "<group>"; };
		FE9BFA4B23A0AD5F00FBF84A /* PhotoClientViewModel.framework */ = {isa = PBXFileReference; explicitFileType = wrapper.framework; includeInIndex = 0; path = PhotoClientViewModel.framework; sourceTree = BUILT_PRODUCTS_DIR; };
		FE9BFA4D23A0AD5F00FBF84A /* PhotoClientViewModel.h */ = {isa = PBXFileReference; lastKnownFileType = sourcecode.c.h; path = PhotoClientViewModel.h; sourceTree = "<group>"; };
		FE9BFA4E23A0AD5F00FBF84A /* Info.plist */ = {isa = PBXFileReference; lastKnownFileType = text.plist.xml; path = Info.plist; sourceTree = "<group>"; };
		FE9BFA5323A0AD5F00FBF84A /* PhotoClientViewModelTests.xctest */ = {isa = PBXFileReference; explicitFileType = wrapper.cfbundle; includeInIndex = 0; path = PhotoClientViewModelTests.xctest; sourceTree = BUILT_PRODUCTS_DIR; };
		FE9BFA5C23A0AD6000FBF84A /* Info.plist */ = {isa = PBXFileReference; lastKnownFileType = text.plist.xml; path = Info.plist; sourceTree = "<group>"; };
		FE9BFA6D23A0AD7000FBF84A /* PhotoClientModel.framework */ = {isa = PBXFileReference; explicitFileType = wrapper.framework; includeInIndex = 0; path = PhotoClientModel.framework; sourceTree = BUILT_PRODUCTS_DIR; };
		FE9BFA6F23A0AD7000FBF84A /* PhotoClientModel.h */ = {isa = PBXFileReference; lastKnownFileType = sourcecode.c.h; path = PhotoClientModel.h; sourceTree = "<group>"; };
		FE9BFA7023A0AD7000FBF84A /* Info.plist */ = {isa = PBXFileReference; lastKnownFileType = text.plist.xml; path = Info.plist; sourceTree = "<group>"; };
		FE9BFA7523A0AD7000FBF84A /* PhotoClientModelTests.xctest */ = {isa = PBXFileReference; explicitFileType = wrapper.cfbundle; includeInIndex = 0; path = PhotoClientModelTests.xctest; sourceTree = BUILT_PRODUCTS_DIR; };
		FE9BFA7E23A0AD7100FBF84A /* Info.plist */ = {isa = PBXFileReference; lastKnownFileType = text.plist.xml; path = Info.plist; sourceTree = "<group>"; };
		FE9BFA9923A0BF4000FBF84A /* PhotoClient.xctestplan */ = {isa = PBXFileReference; lastKnownFileType = text; path = PhotoClient.xctestplan; sourceTree = "<group>"; };
		FE9BFAD823A0D44A00FBF84A /* ImageEntity.swift */ = {isa = PBXFileReference; lastKnownFileType = sourcecode.swift; path = ImageEntity.swift; sourceTree = "<group>"; };
		FE9BFADA23A0D58100FBF84A /* Himotoki.framework */ = {isa = PBXFileReference; lastKnownFileType = wrapper.framework; name = Himotoki.framework; path = Carthage/Build/iOS/Himotoki.framework; sourceTree = "<group>"; };
		FE9BFADC23A0D59A00FBF84A /* RxCocoa.framework */ = {isa = PBXFileReference; lastKnownFileType = wrapper.framework; name = RxCocoa.framework; path = Carthage/Build/iOS/RxCocoa.framework; sourceTree = "<group>"; };
		FE9BFADD23A0D59A00FBF84A /* RxSwift.framework */ = {isa = PBXFileReference; lastKnownFileType = wrapper.framework; name = RxSwift.framework; path = Carthage/Build/iOS/RxSwift.framework; sourceTree = "<group>"; };
		FE9BFAE223A0D5B200FBF84A /* Alamofire.framework */ = {isa = PBXFileReference; lastKnownFileType = wrapper.framework; name = Alamofire.framework; path = Carthage/Build/iOS/Alamofire.framework; sourceTree = "<group>"; };
		FE9BFAE523A0D5DA00FBF84A /* Swinject.framework */ = {isa = PBXFileReference; lastKnownFileType = wrapper.framework; name = Swinject.framework; path = Carthage/Build/iOS/Swinject.framework; sourceTree = "<group>"; };
		FE9BFAE723A0D5F500FBF84A /* Nimble.framework */ = {isa = PBXFileReference; lastKnownFileType = wrapper.framework; name = Nimble.framework; path = Carthage/Build/iOS/Nimble.framework; sourceTree = "<group>"; };
		FE9BFAE923A0D5F700FBF84A /* Quick.framework */ = {isa = PBXFileReference; lastKnownFileType = wrapper.framework; name = Quick.framework; path = Carthage/Build/iOS/Quick.framework; sourceTree = "<group>"; };
		FE9BFAEB23A0D6BE00FBF84A /* ResponseEntity.swift */ = {isa = PBXFileReference; lastKnownFileType = sourcecode.swift; path = ResponseEntity.swift; sourceTree = "<group>"; };
		FE9BFAED23A0D7D900FBF84A /* Dummy.swift */ = {isa = PBXFileReference; lastKnownFileType = sourcecode.swift; path = Dummy.swift; sourceTree = "<group>"; };
		FE9BFAEF23A0D8B200FBF84A /* ImageEntitySpec.swift */ = {isa = PBXFileReference; lastKnownFileType = sourcecode.swift; path = ImageEntitySpec.swift; sourceTree = "<group>"; };
		FE9BFB0C23A0E15000FBF84A /* RxRelay.framework */ = {isa = PBXFileReference; lastKnownFileType = wrapper.framework; name = RxRelay.framework; path = Carthage/Build/iOS/RxRelay.framework; sourceTree = "<group>"; };
		FE9BFB2723A0E50800FBF84A /* Networking.swift */ = {isa = PBXFileReference; lastKnownFileType = sourcecode.swift; path = Networking.swift; sourceTree = "<group>"; };
		FE9BFB2923A0E58800FBF84A /* NetworkError.swift */ = {isa = PBXFileReference; lastKnownFileType = sourcecode.swift; path = NetworkError.swift; sourceTree = "<group>"; };
		FE9BFB2B23A0E71D00FBF84A /* Network.swift */ = {isa = PBXFileReference; lastKnownFileType = sourcecode.swift; path = Network.swift; sourceTree = "<group>"; };
		FE9BFB2D23A0EBD600FBF84A /* NetworkSpec.swift */ = {isa = PBXFileReference; lastKnownFileType = sourcecode.swift; path = NetworkSpec.swift; sourceTree = "<group>"; };
/* End PBXFileReference section */

/* Begin PBXFrameworksBuildPhase section */
		FE9BF9EA23A0AB2300FBF84A /* Frameworks */ = {
			isa = PBXFrameworksBuildPhase;
			buildActionMask = 2147483647;
			files = (
				FE9BFA8223A0AD7100FBF84A /* PhotoClientModel.framework in Frameworks */,
				FE9BFA3D23A0AD4C00FBF84A /* PhotoClientView.framework in Frameworks */,
				FE9BFA6023A0AD6000FBF84A /* PhotoClientViewModel.framework in Frameworks */,
				FE9BFAE623A0D5DA00FBF84A /* Swinject.framework in Frameworks */,
			);
			runOnlyForDeploymentPostprocessing = 0;
		};
		FE9BFA0023A0AB2600FBF84A /* Frameworks */ = {
			isa = PBXFrameworksBuildPhase;
			buildActionMask = 2147483647;
			files = (
				FE9BFA9A23A0C04100FBF84A /* PhotoClientModel.framework in Frameworks */,
				FE9BFB0223A0DFA600FBF84A /* Swinject.framework in Frameworks */,
				FE9BFA9B23A0C04100FBF84A /* PhotoClientView.framework in Frameworks */,
				FE9BFB0723A0DFDE00FBF84A /* Nimble.framework in Frameworks */,
				FE9BFB0623A0DFD900FBF84A /* Quick.framework in Frameworks */,
				FE9BFA9C23A0C04100FBF84A /* PhotoClientViewModel.framework in Frameworks */,
			);
			runOnlyForDeploymentPostprocessing = 0;
		};
		FE9BFA0B23A0AB2600FBF84A /* Frameworks */ = {
			isa = PBXFrameworksBuildPhase;
			buildActionMask = 2147483647;
			files = (
			);
			runOnlyForDeploymentPostprocessing = 0;
		};
		FE9BFA2523A0AD4C00FBF84A /* Frameworks */ = {
			isa = PBXFrameworksBuildPhase;
			buildActionMask = 2147483647;
			files = (
				FE9BFA9123A0B20300FBF84A /* PhotoClientViewModel.framework in Frameworks */,
				FE9BFB4C23A239A700FBF84A /* RxSwift.framework in Frameworks */,
			);
			runOnlyForDeploymentPostprocessing = 0;
		};
		FE9BFA2D23A0AD4C00FBF84A /* Frameworks */ = {
			isa = PBXFrameworksBuildPhase;
			buildActionMask = 2147483647;
			files = (
				FE9BFA9523A0B63A00FBF84A /* PhotoClientViewModel.framework in Frameworks */,
				FE9BFA3123A0AD4C00FBF84A /* PhotoClientView.framework in Frameworks */,
				FE9BFB0523A0DFD000FBF84A /* Quick.framework in Frameworks */,
				FE9BFB0923A0DFE000FBF84A /* Nimble.framework in Frameworks */,
			);
			runOnlyForDeploymentPostprocessing = 0;
		};
		FE9BFA4823A0AD5F00FBF84A /* Frameworks */ = {
			isa = PBXFrameworksBuildPhase;
			buildActionMask = 2147483647;
			files = (
				FE9BFA8E23A0B02A00FBF84A /* PhotoClientModel.framework in Frameworks */,
				84C6C65523A1B94E008B6B75 /* RxSwift.framework in Frameworks */,
			);
			runOnlyForDeploymentPostprocessing = 0;
		};
		FE9BFA5023A0AD5F00FBF84A /* Frameworks */ = {
			isa = PBXFrameworksBuildPhase;
			buildActionMask = 2147483647;
			files = (
				FE9BFA9623A0B64600FBF84A /* PhotoClientModel.framework in Frameworks */,
				FE9BFA5423A0AD5F00FBF84A /* PhotoClientViewModel.framework in Frameworks */,
				FE9BFB0423A0DFD000FBF84A /* Quick.framework in Frameworks */,
				FE9BFB0823A0DFE000FBF84A /* Nimble.framework in Frameworks */,
				84C6C65A23A1BF93008B6B75 /* RxSwift.framework in Frameworks */,
			);
			runOnlyForDeploymentPostprocessing = 0;
		};
		FE9BFA6A23A0AD7000FBF84A /* Frameworks */ = {
			isa = PBXFrameworksBuildPhase;
			buildActionMask = 2147483647;
			files = (
				FE9BFAE323A0D5B200FBF84A /* Alamofire.framework in Frameworks */,
				FE9BFAE423A0D5C300FBF84A /* Himotoki.framework in Frameworks */,
				FE9BFAE023A0D5AE00FBF84A /* RxCocoa.framework in Frameworks */,
				FE9BFAE123A0D5AE00FBF84A /* RxSwift.framework in Frameworks */,
				FE9BFB0D23A0E15100FBF84A /* RxRelay.framework in Frameworks */,
			);
			runOnlyForDeploymentPostprocessing = 0;
		};
		FE9BFA7223A0AD7000FBF84A /* Frameworks */ = {
			isa = PBXFrameworksBuildPhase;
			buildActionMask = 2147483647;
			files = (
				FE9BFA7623A0AD7000FBF84A /* PhotoClientModel.framework in Frameworks */,
				FE9BFAF923A0DB3B00FBF84A /* Nimble.framework in Frameworks */,
				FE9BFB0E23A0E1AD00FBF84A /* Himotoki.framework in Frameworks */,
				FE9BFAEA23A0D5F700FBF84A /* Quick.framework in Frameworks */,
			);
			runOnlyForDeploymentPostprocessing = 0;
		};
/* End PBXFrameworksBuildPhase section */

/* Begin PBXGroup section */
		84C6C61B23A11B59008B6B75 /* dSYMs */ = {
			isa = PBXGroup;
			children = (
				84C6C62123A11B83008B6B75 /* Quick.framework.dSYM */,
				84C6C61F23A11B83008B6B75 /* RxBlocking.framework.dSYM */,
				84C6C61E23A11B83008B6B75 /* RxCocoa.framework.dSYM */,
				84C6C61C23A11B82008B6B75 /* RxRelay.framework.dSYM */,
				84C6C61D23A11B83008B6B75 /* RxSwift.framework.dSYM */,
				84C6C62223A11B83008B6B75 /* RxTest.framework.dSYM */,
				84C6C62023A11B83008B6B75 /* SnapKit.framework.dSYM */,
				84C6C62323A11B83008B6B75 /* Swinject.framework.dSYM */,
			);
			path = dSYMs;
			sourceTree = "<group>";
		};
		FE9BF9E423A0AB2300FBF84A = {
			isa = PBXGroup;
			children = (
				FE9BFA6E23A0AD7000FBF84A /* PhotoClientModel */,
				FE9BFA4C23A0AD5F00FBF84A /* PhotoClientViewModel */,
				FE9BFA2923A0AD4C00FBF84A /* PhotoClientView */,
				FE9BF9EF23A0AB2300FBF84A /* PhotoClient */,
				FE9BFA8A23A0AE6500FBF84A /* Tests */,
				FE9BF9EE23A0AB2300FBF84A /* Products */,
				84C6C61B23A11B59008B6B75 /* dSYMs */,
				FE9BFA8D23A0B02A00FBF84A /* Frameworks */,
			);
			sourceTree = "<group>";
		};
		FE9BF9EE23A0AB2300FBF84A /* Products */ = {
			isa = PBXGroup;
			children = (
				FE9BF9ED23A0AB2300FBF84A /* PhotoClient.app */,
				FE9BFA0323A0AB2600FBF84A /* PhotoClientTests.xctest */,
				FE9BFA0E23A0AB2600FBF84A /* PhotoClientUITests.xctest */,
				FE9BFA2823A0AD4C00FBF84A /* PhotoClientView.framework */,
				FE9BFA3023A0AD4C00FBF84A /* PhotoClientViewTests.xctest */,
				FE9BFA4B23A0AD5F00FBF84A /* PhotoClientViewModel.framework */,
				FE9BFA5323A0AD5F00FBF84A /* PhotoClientViewModelTests.xctest */,
				FE9BFA6D23A0AD7000FBF84A /* PhotoClientModel.framework */,
				FE9BFA7523A0AD7000FBF84A /* PhotoClientModelTests.xctest */,
			);
			name = Products;
			sourceTree = "<group>";
		};
		FE9BF9EF23A0AB2300FBF84A /* PhotoClient */ = {
			isa = PBXGroup;
			children = (
				FE9BF9F023A0AB2300FBF84A /* AppDelegate.swift */,
				FE9BF9F223A0AB2300FBF84A /* SceneDelegate.swift */,
				FE9BF9F923A0AB2500FBF84A /* Assets.xcassets */,
				FE9BF9FB23A0AB2500FBF84A /* LaunchScreen.storyboard */,
				FE9BF9FE23A0AB2500FBF84A /* Info.plist */,
			);
			path = PhotoClient;
			sourceTree = "<group>";
		};
		FE9BFA0623A0AB2600FBF84A /* PhotoClientTests */ = {
			isa = PBXGroup;
			children = (
				FE9BFA0723A0AB2600FBF84A /* PhotoClientTests.swift */,
				FE9BFA0923A0AB2600FBF84A /* Info.plist */,
				84C6C64F23A1B60E008B6B75 /* SceneDelegateSpec.swift */,
			);
			path = PhotoClientTests;
			sourceTree = "<group>";
		};
		FE9BFA1123A0AB2600FBF84A /* PhotoClientUITests */ = {
			isa = PBXGroup;
			children = (
				FE9BFA1223A0AB2600FBF84A /* PhotoClientUITests.swift */,
				FE9BFA1423A0AB2600FBF84A /* Info.plist */,
			);
			path = PhotoClientUITests;
			sourceTree = "<group>";
		};
		FE9BFA2923A0AD4C00FBF84A /* PhotoClientView */ = {
			isa = PBXGroup;
			children = (
				FE9BFA2A23A0AD4C00FBF84A /* PhotoClientView.h */,
				FE9BFA2B23A0AD4C00FBF84A /* Info.plist */,
				84C6C63F23A13416008B6B75 /* ImageSearchTableViewController.swift */,
				84C6C64123A1344D008B6B75 /* ImageSearchTableViewCell.swift */,
			);
			path = PhotoClientView;
			sourceTree = "<group>";
		};
		FE9BFA3623A0AD4C00FBF84A /* PhotoClientViewTests */ = {
			isa = PBXGroup;
			children = (
				FE9BFA3723A0AD4C00FBF84A /* PhotoClientViewTests.swift */,
				FE9BFA3923A0AD4C00FBF84A /* Info.plist */,
			);
			path = PhotoClientViewTests;
			sourceTree = "<group>";
		};
		FE9BFA4C23A0AD5F00FBF84A /* PhotoClientViewModel */ = {
			isa = PBXGroup;
			children = (
				FE9BFA4D23A0AD5F00FBF84A /* PhotoClientViewModel.h */,
				FE9BFA4E23A0AD5F00FBF84A /* Info.plist */,
				84C6C64323A1408F008B6B75 /* ImageSearchTableViewModeling.swift */,
				84C6C64523A140A2008B6B75 /* ImageSearchTableViewModel.swift */,
				84C6C64723A140D7008B6B75 /* ImageSearchTableViewCellModeling.swift */,
				84C6C64923A140E2008B6B75 /* ImageSearchTableViewCellModel.swift */,
			);
			path = PhotoClientViewModel;
			sourceTree = "<group>";
		};
		FE9BFA5923A0AD6000FBF84A /* PhotoClientViewModelTests */ = {
			isa = PBXGroup;
			children = (
				FE9BFA5C23A0AD6000FBF84A /* Info.plist */,
				84C6C65623A1BE6F008B6B75 /* DummyResponse.swift */,
				84C6C65823A1BEB7008B6B75 /* ImageSearchTableViewModelSpec.swift */,
			);
			path = PhotoClientViewModelTests;
			sourceTree = "<group>";
		};
		FE9BFA6E23A0AD7000FBF84A /* PhotoClientModel */ = {
			isa = PBXGroup;
			children = (
				FE9BFA6F23A0AD7000FBF84A /* PhotoClientModel.h */,
				FE9BFA7023A0AD7000FBF84A /* Info.plist */,
				FE9BFAD823A0D44A00FBF84A /* ImageEntity.swift */,
				FE9BFAEB23A0D6BE00FBF84A /* ResponseEntity.swift */,
				FE9BFB2723A0E50800FBF84A /* Networking.swift */,
				FE9BFB2923A0E58800FBF84A /* NetworkError.swift */,
				FE9BFB2B23A0E71D00FBF84A /* Network.swift */,
				84C6C63823A1210B008B6B75 /* ImageSearching.swift */,
				84C6C63423A11DFA008B6B75 /* PixaBay.swift */,
				84C6C63623A11FDF008B6B75 /* PixaBay+Config.swift */,
				84C6C63A23A12154008B6B75 /* ImageSearch.swift */,
			);
			path = PhotoClientModel;
			sourceTree = "<group>";
		};
		FE9BFA7B23A0AD7000FBF84A /* PhotoClientModelTests */ = {
			isa = PBXGroup;
			children = (
				FE9BFA7E23A0AD7100FBF84A /* Info.plist */,
				FE9BFAED23A0D7D900FBF84A /* Dummy.swift */,
				FE9BFAEF23A0D8B200FBF84A /* ImageEntitySpec.swift */,
				FE9BFB2D23A0EBD600FBF84A /* NetworkSpec.swift */,
				84C6C63C23A12882008B6B75 /* ImageSearchSpec.swift */,
			);
			path = PhotoClientModelTests;
			sourceTree = "<group>";
		};
		FE9BFA8A23A0AE6500FBF84A /* Tests */ = {
			isa = PBXGroup;
			children = (
				FE9BFA9923A0BF4000FBF84A /* PhotoClient.xctestplan */,
				FE9BFA3623A0AD4C00FBF84A /* PhotoClientViewTests */,
				FE9BFA5923A0AD6000FBF84A /* PhotoClientViewModelTests */,
				FE9BFA7B23A0AD7000FBF84A /* PhotoClientModelTests */,
				FE9BFA0623A0AB2600FBF84A /* PhotoClientTests */,
				FE9BFA1123A0AB2600FBF84A /* PhotoClientUITests */,
			);
			path = Tests;
			sourceTree = "<group>";
		};
		FE9BFA8D23A0B02A00FBF84A /* Frameworks */ = {
			isa = PBXGroup;
			children = (
				FE9BFB0C23A0E15000FBF84A /* RxRelay.framework */,
				FE9BFAE923A0D5F700FBF84A /* Quick.framework */,
				FE9BFAE723A0D5F500FBF84A /* Nimble.framework */,
				FE9BFAE523A0D5DA00FBF84A /* Swinject.framework */,
				FE9BFAE223A0D5B200FBF84A /* Alamofire.framework */,
				FE9BFADC23A0D59A00FBF84A /* RxCocoa.framework */,
				FE9BFADD23A0D59A00FBF84A /* RxSwift.framework */,
				FE9BFADA23A0D58100FBF84A /* Himotoki.framework */,
			);
			name = Frameworks;
			sourceTree = "<group>";
		};
/* End PBXGroup section */

/* Begin PBXHeadersBuildPhase section */
		FE9BFA2323A0AD4C00FBF84A /* Headers */ = {
			isa = PBXHeadersBuildPhase;
			buildActionMask = 2147483647;
			files = (
				FE9BFA3A23A0AD4C00FBF84A /* PhotoClientView.h in Headers */,
			);
			runOnlyForDeploymentPostprocessing = 0;
		};
		FE9BFA4623A0AD5F00FBF84A /* Headers */ = {
			isa = PBXHeadersBuildPhase;
			buildActionMask = 2147483647;
			files = (
				FE9BFA5D23A0AD6000FBF84A /* PhotoClientViewModel.h in Headers */,
			);
			runOnlyForDeploymentPostprocessing = 0;
		};
		FE9BFA6823A0AD7000FBF84A /* Headers */ = {
			isa = PBXHeadersBuildPhase;
			buildActionMask = 2147483647;
			files = (
				FE9BFA7F23A0AD7100FBF84A /* PhotoClientModel.h in Headers */,
			);
			runOnlyForDeploymentPostprocessing = 0;
		};
/* End PBXHeadersBuildPhase section */

/* Begin PBXNativeTarget section */
		FE9BF9EC23A0AB2300FBF84A /* PhotoClient */ = {
			isa = PBXNativeTarget;
			buildConfigurationList = FE9BFA1723A0AB2600FBF84A /* Build configuration list for PBXNativeTarget "PhotoClient" */;
			buildPhases = (
				FE9BF9E923A0AB2300FBF84A /* Sources */,
				FE9BF9EA23A0AB2300FBF84A /* Frameworks */,
				FE9BF9EB23A0AB2300FBF84A /* Resources */,
				FE9BFA4223A0AD4C00FBF84A /* Embed Frameworks */,
				FE9BFA9D23A0C9B000FBF84A /* Carthage */,
				FE9BFACA23A0CFE500FBF84A /* Copy dSYMs */,
			);
			buildRules = (
			);
			dependencies = (
				FE9BFA3C23A0AD4C00FBF84A /* PBXTargetDependency */,
				FE9BFA5F23A0AD6000FBF84A /* PBXTargetDependency */,
				FE9BFA8123A0AD7100FBF84A /* PBXTargetDependency */,
			);
			name = PhotoClient;
			productName = PhotoClient;
			productReference = FE9BF9ED23A0AB2300FBF84A /* PhotoClient.app */;
			productType = "com.apple.product-type.application";
		};
		FE9BFA0223A0AB2600FBF84A /* PhotoClientTests */ = {
			isa = PBXNativeTarget;
			buildConfigurationList = FE9BFA1A23A0AB2600FBF84A /* Build configuration list for PBXNativeTarget "PhotoClientTests" */;
			buildPhases = (
				FE9BF9FF23A0AB2600FBF84A /* Sources */,
				FE9BFA0023A0AB2600FBF84A /* Frameworks */,
				FE9BFA0123A0AB2600FBF84A /* Resources */,
				FE9BFB2423A0E3E700FBF84A /* Copy Frameworks */,
			);
			buildRules = (
			);
			dependencies = (
				FE9BFA0523A0AB2600FBF84A /* PBXTargetDependency */,
			);
			name = PhotoClientTests;
			productName = PhotoClientTests;
			productReference = FE9BFA0323A0AB2600FBF84A /* PhotoClientTests.xctest */;
			productType = "com.apple.product-type.bundle.unit-test";
		};
		FE9BFA0D23A0AB2600FBF84A /* PhotoClientUITests */ = {
			isa = PBXNativeTarget;
			buildConfigurationList = FE9BFA1D23A0AB2600FBF84A /* Build configuration list for PBXNativeTarget "PhotoClientUITests" */;
			buildPhases = (
				FE9BFA0A23A0AB2600FBF84A /* Sources */,
				FE9BFA0B23A0AB2600FBF84A /* Frameworks */,
				FE9BFA0C23A0AB2600FBF84A /* Resources */,
			);
			buildRules = (
			);
			dependencies = (
				FE9BFA1023A0AB2600FBF84A /* PBXTargetDependency */,
			);
			name = PhotoClientUITests;
			productName = PhotoClientUITests;
			productReference = FE9BFA0E23A0AB2600FBF84A /* PhotoClientUITests.xctest */;
			productType = "com.apple.product-type.bundle.ui-testing";
		};
		FE9BFA2723A0AD4C00FBF84A /* PhotoClientView */ = {
			isa = PBXNativeTarget;
			buildConfigurationList = FE9BFA3F23A0AD4C00FBF84A /* Build configuration list for PBXNativeTarget "PhotoClientView" */;
			buildPhases = (
				FE9BFA2323A0AD4C00FBF84A /* Headers */,
				FE9BFA2423A0AD4C00FBF84A /* Sources */,
				FE9BFA2523A0AD4C00FBF84A /* Frameworks */,
				FE9BFA2623A0AD4C00FBF84A /* Resources */,
			);
			buildRules = (
			);
			dependencies = (
				FE9BFA9023A0B1FF00FBF84A /* PBXTargetDependency */,
			);
			name = PhotoClientView;
			productName = PhotoClientView;
			productReference = FE9BFA2823A0AD4C00FBF84A /* PhotoClientView.framework */;
			productType = "com.apple.product-type.framework";
		};
		FE9BFA2F23A0AD4C00FBF84A /* PhotoClientViewTests */ = {
			isa = PBXNativeTarget;
			buildConfigurationList = FE9BFA4323A0AD4C00FBF84A /* Build configuration list for PBXNativeTarget "PhotoClientViewTests" */;
			buildPhases = (
				FE9BFA2C23A0AD4C00FBF84A /* Sources */,
				FE9BFA2D23A0AD4C00FBF84A /* Frameworks */,
				FE9BFA2E23A0AD4C00FBF84A /* Resources */,
				FE9BFB1C23A0E37200FBF84A /* Copy Frameworks */,
			);
			buildRules = (
			);
			dependencies = (
				FE9BFA3323A0AD4C00FBF84A /* PBXTargetDependency */,
			);
			name = PhotoClientViewTests;
			productName = PhotoClientViewTests;
			productReference = FE9BFA3023A0AD4C00FBF84A /* PhotoClientViewTests.xctest */;
			productType = "com.apple.product-type.bundle.unit-test";
		};
		FE9BFA4A23A0AD5F00FBF84A /* PhotoClientViewModel */ = {
			isa = PBXNativeTarget;
			buildConfigurationList = FE9BFA6223A0AD6000FBF84A /* Build configuration list for PBXNativeTarget "PhotoClientViewModel" */;
			buildPhases = (
				FE9BFA4623A0AD5F00FBF84A /* Headers */,
				FE9BFA4723A0AD5F00FBF84A /* Sources */,
				FE9BFA4823A0AD5F00FBF84A /* Frameworks */,
				FE9BFA4923A0AD5F00FBF84A /* Resources */,
			);
			buildRules = (
			);
			dependencies = (
				FE9BFA8C23A0AEEE00FBF84A /* PBXTargetDependency */,
			);
			name = PhotoClientViewModel;
			productName = PhotoClientViewModel;
			productReference = FE9BFA4B23A0AD5F00FBF84A /* PhotoClientViewModel.framework */;
			productType = "com.apple.product-type.framework";
		};
		FE9BFA5223A0AD5F00FBF84A /* PhotoClientViewModelTests */ = {
			isa = PBXNativeTarget;
			buildConfigurationList = FE9BFA6523A0AD6000FBF84A /* Build configuration list for PBXNativeTarget "PhotoClientViewModelTests" */;
			buildPhases = (
				FE9BFA4F23A0AD5F00FBF84A /* Sources */,
				FE9BFA5023A0AD5F00FBF84A /* Frameworks */,
				FE9BFA5123A0AD5F00FBF84A /* Resources */,
				FE9BFB1423A0E33500FBF84A /* Copy Frameworks */,
			);
			buildRules = (
			);
			dependencies = (
				FE9BFA5623A0AD5F00FBF84A /* PBXTargetDependency */,
			);
			name = PhotoClientViewModelTests;
			productName = PhotoClientViewModelTests;
			productReference = FE9BFA5323A0AD5F00FBF84A /* PhotoClientViewModelTests.xctest */;
			productType = "com.apple.product-type.bundle.unit-test";
		};
		FE9BFA6C23A0AD7000FBF84A /* PhotoClientModel */ = {
			isa = PBXNativeTarget;
			buildConfigurationList = FE9BFA8423A0AD7100FBF84A /* Build configuration list for PBXNativeTarget "PhotoClientModel" */;
			buildPhases = (
				FE9BFA6823A0AD7000FBF84A /* Headers */,
				FE9BFA6923A0AD7000FBF84A /* Sources */,
				FE9BFA6A23A0AD7000FBF84A /* Frameworks */,
				FE9BFA6B23A0AD7000FBF84A /* Resources */,
			);
			buildRules = (
			);
			dependencies = (
			);
			name = PhotoClientModel;
			productName = PhotoClientModel;
			productReference = FE9BFA6D23A0AD7000FBF84A /* PhotoClientModel.framework */;
			productType = "com.apple.product-type.framework";
		};
		FE9BFA7423A0AD7000FBF84A /* PhotoClientModelTests */ = {
			isa = PBXNativeTarget;
			buildConfigurationList = FE9BFA8723A0AD7100FBF84A /* Build configuration list for PBXNativeTarget "PhotoClientModelTests" */;
			buildPhases = (
				FE9BFA7123A0AD7000FBF84A /* Sources */,
				FE9BFA7223A0AD7000FBF84A /* Frameworks */,
				FE9BFA7323A0AD7000FBF84A /* Resources */,
				FE9BFAF123A0DA1800FBF84A /* Copy Frameworks */,
			);
			buildRules = (
			);
			dependencies = (
				FE9BFA7823A0AD7000FBF84A /* PBXTargetDependency */,
			);
			name = PhotoClientModelTests;
			productName = PhotoClientModelTests;
			productReference = FE9BFA7523A0AD7000FBF84A /* PhotoClientModelTests.xctest */;
			productType = "com.apple.product-type.bundle.unit-test";
		};
/* End PBXNativeTarget section */

/* Begin PBXProject section */
		FE9BF9E523A0AB2300FBF84A /* Project object */ = {
			isa = PBXProject;
			attributes = {
				LastSwiftUpdateCheck = 1120;
				LastUpgradeCheck = 1120;
				ORGANIZATIONNAME = "Dinh, Nhat";
				TargetAttributes = {
					FE9BF9EC23A0AB2300FBF84A = {
						CreatedOnToolsVersion = 11.2.1;
					};
					FE9BFA0223A0AB2600FBF84A = {
						CreatedOnToolsVersion = 11.2.1;
						TestTargetID = FE9BF9EC23A0AB2300FBF84A;
					};
					FE9BFA0D23A0AB2600FBF84A = {
						CreatedOnToolsVersion = 11.2.1;
						TestTargetID = FE9BF9EC23A0AB2300FBF84A;
					};
					FE9BFA2723A0AD4C00FBF84A = {
						CreatedOnToolsVersion = 11.2.1;
						LastSwiftMigration = 1100;
					};
					FE9BFA2F23A0AD4C00FBF84A = {
						CreatedOnToolsVersion = 11.2.1;
					};
					FE9BFA4A23A0AD5F00FBF84A = {
						CreatedOnToolsVersion = 11.2.1;
					};
					FE9BFA5223A0AD5F00FBF84A = {
						CreatedOnToolsVersion = 11.2.1;
					};
					FE9BFA6C23A0AD7000FBF84A = {
						CreatedOnToolsVersion = 11.2.1;
						LastSwiftMigration = 1120;
					};
					FE9BFA7423A0AD7000FBF84A = {
						CreatedOnToolsVersion = 11.2.1;
					};
				};
			};
			buildConfigurationList = FE9BF9E823A0AB2300FBF84A /* Build configuration list for PBXProject "PhotoClient" */;
			compatibilityVersion = "Xcode 9.3";
			developmentRegion = en;
			hasScannedForEncodings = 0;
			knownRegions = (
				en,
				Base,
			);
			mainGroup = FE9BF9E423A0AB2300FBF84A;
			productRefGroup = FE9BF9EE23A0AB2300FBF84A /* Products */;
			projectDirPath = "";
			projectRoot = "";
			targets = (
				FE9BFA6C23A0AD7000FBF84A /* PhotoClientModel */,
				FE9BFA4A23A0AD5F00FBF84A /* PhotoClientViewModel */,
				FE9BFA2723A0AD4C00FBF84A /* PhotoClientView */,
				FE9BF9EC23A0AB2300FBF84A /* PhotoClient */,
				FE9BFA0223A0AB2600FBF84A /* PhotoClientTests */,
				FE9BFA0D23A0AB2600FBF84A /* PhotoClientUITests */,
				FE9BFA7423A0AD7000FBF84A /* PhotoClientModelTests */,
				FE9BFA5223A0AD5F00FBF84A /* PhotoClientViewModelTests */,
				FE9BFA2F23A0AD4C00FBF84A /* PhotoClientViewTests */,
			);
		};
/* End PBXProject section */

/* Begin PBXResourcesBuildPhase section */
		FE9BF9EB23A0AB2300FBF84A /* Resources */ = {
			isa = PBXResourcesBuildPhase;
			buildActionMask = 2147483647;
			files = (
				84C6C62B23A11B83008B6B75 /* Swinject.framework.dSYM in Resources */,
				84C6C62423A11B83008B6B75 /* RxRelay.framework.dSYM in Resources */,
				FE9BF9FD23A0AB2500FBF84A /* LaunchScreen.storyboard in Resources */,
				FE9BF9FA23A0AB2500FBF84A /* Assets.xcassets in Resources */,
				84C6C62523A11B83008B6B75 /* RxSwift.framework.dSYM in Resources */,
				84C6C62A23A11B83008B6B75 /* RxTest.framework.dSYM in Resources */,
				84C6C62623A11B83008B6B75 /* RxCocoa.framework.dSYM in Resources */,
				84C6C62723A11B83008B6B75 /* RxBlocking.framework.dSYM in Resources */,
				84C6C62923A11B83008B6B75 /* Quick.framework.dSYM in Resources */,
				84C6C62823A11B83008B6B75 /* SnapKit.framework.dSYM in Resources */,
			);
			runOnlyForDeploymentPostprocessing = 0;
		};
		FE9BFA0123A0AB2600FBF84A /* Resources */ = {
			isa = PBXResourcesBuildPhase;
			buildActionMask = 2147483647;
			files = (
			);
			runOnlyForDeploymentPostprocessing = 0;
		};
		FE9BFA0C23A0AB2600FBF84A /* Resources */ = {
			isa = PBXResourcesBuildPhase;
			buildActionMask = 2147483647;
			files = (
			);
			runOnlyForDeploymentPostprocessing = 0;
		};
		FE9BFA2623A0AD4C00FBF84A /* Resources */ = {
			isa = PBXResourcesBuildPhase;
			buildActionMask = 2147483647;
			files = (
			);
			runOnlyForDeploymentPostprocessing = 0;
		};
		FE9BFA2E23A0AD4C00FBF84A /* Resources */ = {
			isa = PBXResourcesBuildPhase;
			buildActionMask = 2147483647;
			files = (
			);
			runOnlyForDeploymentPostprocessing = 0;
		};
		FE9BFA4923A0AD5F00FBF84A /* Resources */ = {
			isa = PBXResourcesBuildPhase;
			buildActionMask = 2147483647;
			files = (
			);
			runOnlyForDeploymentPostprocessing = 0;
		};
		FE9BFA5123A0AD5F00FBF84A /* Resources */ = {
			isa = PBXResourcesBuildPhase;
			buildActionMask = 2147483647;
			files = (
			);
			runOnlyForDeploymentPostprocessing = 0;
		};
		FE9BFA6B23A0AD7000FBF84A /* Resources */ = {
			isa = PBXResourcesBuildPhase;
			buildActionMask = 2147483647;
			files = (
			);
			runOnlyForDeploymentPostprocessing = 0;
		};
		FE9BFA7323A0AD7000FBF84A /* Resources */ = {
			isa = PBXResourcesBuildPhase;
			buildActionMask = 2147483647;
			files = (
			);
			runOnlyForDeploymentPostprocessing = 0;
		};
/* End PBXResourcesBuildPhase section */

/* Begin PBXShellScriptBuildPhase section */
		FE9BFA9D23A0C9B000FBF84A /* Carthage */ = {
			isa = PBXShellScriptBuildPhase;
			buildActionMask = 2147483647;
			files = (
			);
			inputFileListPaths = (
			);
			inputPaths = (
				"$(SRCROOT)/Carthage/Build/iOS/Alamofire.framework",
				"$(SRCROOT)/Carthage/Build/iOS/Himotoki.framework",
				"$(SRCROOT)/Carthage/Build/iOS/SnapKit.framework",
				"$(SRCROOT)/Carthage/Build/iOS/Swinject.framework",
				"$(SRCROOT)/Carthage/Build/iOS/RxSwift.framework",
				"$(SRCROOT)/Carthage/Build/iOS/RxCocoa.framework",
				"$(SRCROOT)/Carthage/Build/iOS/RxRelay.framework",
			);
			name = Carthage;
			outputFileListPaths = (
			);
			outputPaths = (
			);
			runOnlyForDeploymentPostprocessing = 0;
			shellPath = /bin/sh;
			shellScript = "/usr/local/bin/carthage copy-frameworks\n";
		};
/* End PBXShellScriptBuildPhase section */

/* Begin PBXSourcesBuildPhase section */
		FE9BF9E923A0AB2300FBF84A /* Sources */ = {
			isa = PBXSourcesBuildPhase;
			buildActionMask = 2147483647;
			files = (
				FE9BF9F123A0AB2300FBF84A /* AppDelegate.swift in Sources */,
				FE9BF9F323A0AB2300FBF84A /* SceneDelegate.swift in Sources */,
			);
			runOnlyForDeploymentPostprocessing = 0;
		};
		FE9BF9FF23A0AB2600FBF84A /* Sources */ = {
			isa = PBXSourcesBuildPhase;
			buildActionMask = 2147483647;
			files = (
				84C6C65223A1B71C008B6B75 /* SceneDelegateSpec.swift in Sources */,
				FE9BFA0823A0AB2600FBF84A /* PhotoClientTests.swift in Sources */,
			);
			runOnlyForDeploymentPostprocessing = 0;
		};
		FE9BFA0A23A0AB2600FBF84A /* Sources */ = {
			isa = PBXSourcesBuildPhase;
			buildActionMask = 2147483647;
			files = (
				FE9BFA1323A0AB2600FBF84A /* PhotoClientUITests.swift in Sources */,
			);
			runOnlyForDeploymentPostprocessing = 0;
		};
		FE9BFA2423A0AD4C00FBF84A /* Sources */ = {
			isa = PBXSourcesBuildPhase;
			buildActionMask = 2147483647;
			files = (
				84C6C64023A13416008B6B75 /* ImageSearchTableViewController.swift in Sources */,
				84C6C64223A1344D008B6B75 /* ImageSearchTableViewCell.swift in Sources */,
			);
			runOnlyForDeploymentPostprocessing = 0;
		};
		FE9BFA2C23A0AD4C00FBF84A /* Sources */ = {
			isa = PBXSourcesBuildPhase;
			buildActionMask = 2147483647;
			files = (
				FE9BFA3823A0AD4C00FBF84A /* PhotoClientViewTests.swift in Sources */,
			);
			runOnlyForDeploymentPostprocessing = 0;
		};
		FE9BFA4723A0AD5F00FBF84A /* Sources */ = {
			isa = PBXSourcesBuildPhase;
			buildActionMask = 2147483647;
			files = (
				84C6C64B23A1416E008B6B75 /* ImageSearchTableViewModeling.swift in Sources */,
				84C6C64C23A14173008B6B75 /* ImageSearchTableViewModel.swift in Sources */,
				84C6C64D23A14176008B6B75 /* ImageSearchTableViewCellModeling.swift in Sources */,
				84C6C64E23A14178008B6B75 /* ImageSearchTableViewCellModel.swift in Sources */,
			);
			runOnlyForDeploymentPostprocessing = 0;
		};
		FE9BFA4F23A0AD5F00FBF84A /* Sources */ = {
			isa = PBXSourcesBuildPhase;
			buildActionMask = 2147483647;
			files = (
				FE9BFB4E23A23BBA00FBF84A /* ImageSearchTableViewModelSpec.swift in Sources */,
				FE9BFB4D23A23BB200FBF84A /* DummyResponse.swift in Sources */,
			);
			runOnlyForDeploymentPostprocessing = 0;
		};
		FE9BFA6923A0AD7000FBF84A /* Sources */ = {
			isa = PBXSourcesBuildPhase;
			buildActionMask = 2147483647;
			files = (
				84C6C63523A11DFA008B6B75 /* PixaBay.swift in Sources */,
				FE9BFB2C23A0E71D00FBF84A /* Network.swift in Sources */,
				FE9BFB2823A0E50800FBF84A /* Networking.swift in Sources */,
				FE9BFB2A23A0E58800FBF84A /* NetworkError.swift in Sources */,
				FE9BFAD923A0D44A00FBF84A /* ImageEntity.swift in Sources */,
				84C6C63723A11FDF008B6B75 /* PixaBay+Config.swift in Sources */,
				84C6C63923A1210B008B6B75 /* ImageSearching.swift in Sources */,
				84C6C63B23A12154008B6B75 /* ImageSearch.swift in Sources */,
				FE9BFAEC23A0D6BE00FBF84A /* ResponseEntity.swift in Sources */,
			);
			runOnlyForDeploymentPostprocessing = 0;
		};
		FE9BFA7123A0AD7000FBF84A /* Sources */ = {
			isa = PBXSourcesBuildPhase;
			buildActionMask = 2147483647;
			files = (
				FE9BFB0A23A0E07100FBF84A /* Dummy.swift in Sources */,
				FE9BFB2F23A0EBF400FBF84A /* NetworkSpec.swift in Sources */,
				FE9BFB0B23A0E07100FBF84A /* ImageEntitySpec.swift in Sources */,
				84C6C63E23A128A6008B6B75 /* ImageSearchSpec.swift in Sources */,
			);
			runOnlyForDeploymentPostprocessing = 0;
		};
/* End PBXSourcesBuildPhase section */

/* Begin PBXTargetDependency section */
		FE9BFA0523A0AB2600FBF84A /* PBXTargetDependency */ = {
			isa = PBXTargetDependency;
			target = FE9BF9EC23A0AB2300FBF84A /* PhotoClient */;
			targetProxy = FE9BFA0423A0AB2600FBF84A /* PBXContainerItemProxy */;
		};
		FE9BFA1023A0AB2600FBF84A /* PBXTargetDependency */ = {
			isa = PBXTargetDependency;
			target = FE9BF9EC23A0AB2300FBF84A /* PhotoClient */;
			targetProxy = FE9BFA0F23A0AB2600FBF84A /* PBXContainerItemProxy */;
		};
		FE9BFA3323A0AD4C00FBF84A /* PBXTargetDependency */ = {
			isa = PBXTargetDependency;
			target = FE9BFA2723A0AD4C00FBF84A /* PhotoClientView */;
			targetProxy = FE9BFA3223A0AD4C00FBF84A /* PBXContainerItemProxy */;
		};
		FE9BFA3C23A0AD4C00FBF84A /* PBXTargetDependency */ = {
			isa = PBXTargetDependency;
			target = FE9BFA2723A0AD4C00FBF84A /* PhotoClientView */;
			targetProxy = FE9BFA3B23A0AD4C00FBF84A /* PBXContainerItemProxy */;
		};
		FE9BFA5623A0AD5F00FBF84A /* PBXTargetDependency */ = {
			isa = PBXTargetDependency;
			target = FE9BFA4A23A0AD5F00FBF84A /* PhotoClientViewModel */;
			targetProxy = FE9BFA5523A0AD5F00FBF84A /* PBXContainerItemProxy */;
		};
		FE9BFA5F23A0AD6000FBF84A /* PBXTargetDependency */ = {
			isa = PBXTargetDependency;
			target = FE9BFA4A23A0AD5F00FBF84A /* PhotoClientViewModel */;
			targetProxy = FE9BFA5E23A0AD6000FBF84A /* PBXContainerItemProxy */;
		};
		FE9BFA7823A0AD7000FBF84A /* PBXTargetDependency */ = {
			isa = PBXTargetDependency;
			target = FE9BFA6C23A0AD7000FBF84A /* PhotoClientModel */;
			targetProxy = FE9BFA7723A0AD7000FBF84A /* PBXContainerItemProxy */;
		};
		FE9BFA8123A0AD7100FBF84A /* PBXTargetDependency */ = {
			isa = PBXTargetDependency;
			target = FE9BFA6C23A0AD7000FBF84A /* PhotoClientModel */;
			targetProxy = FE9BFA8023A0AD7100FBF84A /* PBXContainerItemProxy */;
		};
		FE9BFA8C23A0AEEE00FBF84A /* PBXTargetDependency */ = {
			isa = PBXTargetDependency;
			target = FE9BFA6C23A0AD7000FBF84A /* PhotoClientModel */;
			targetProxy = FE9BFA8B23A0AEEE00FBF84A /* PBXContainerItemProxy */;
		};
		FE9BFA9023A0B1FF00FBF84A /* PBXTargetDependency */ = {
			isa = PBXTargetDependency;
			target = FE9BFA4A23A0AD5F00FBF84A /* PhotoClientViewModel */;
			targetProxy = FE9BFA8F23A0B1FF00FBF84A /* PBXContainerItemProxy */;
		};
/* End PBXTargetDependency section */

/* Begin PBXVariantGroup section */
		FE9BF9FB23A0AB2500FBF84A /* LaunchScreen.storyboard */ = {
			isa = PBXVariantGroup;
			children = (
				FE9BF9FC23A0AB2500FBF84A /* Base */,
			);
			name = LaunchScreen.storyboard;
			sourceTree = "<group>";
		};
/* End PBXVariantGroup section */

/* Begin XCBuildConfiguration section */
		FE9BFA1523A0AB2600FBF84A /* Debug */ = {
			isa = XCBuildConfiguration;
			buildSettings = {
				ALWAYS_SEARCH_USER_PATHS = NO;
				CLANG_ANALYZER_NONNULL = YES;
				CLANG_ANALYZER_NUMBER_OBJECT_CONVERSION = YES_AGGRESSIVE;
				CLANG_CXX_LANGUAGE_STANDARD = "gnu++14";
				CLANG_CXX_LIBRARY = "libc++";
				CLANG_ENABLE_MODULES = YES;
				CLANG_ENABLE_OBJC_ARC = YES;
				CLANG_ENABLE_OBJC_WEAK = YES;
				CLANG_WARN_BLOCK_CAPTURE_AUTORELEASING = YES;
				CLANG_WARN_BOOL_CONVERSION = YES;
				CLANG_WARN_COMMA = YES;
				CLANG_WARN_CONSTANT_CONVERSION = YES;
				CLANG_WARN_DEPRECATED_OBJC_IMPLEMENTATIONS = YES;
				CLANG_WARN_DIRECT_OBJC_ISA_USAGE = YES_ERROR;
				CLANG_WARN_DOCUMENTATION_COMMENTS = YES;
				CLANG_WARN_EMPTY_BODY = YES;
				CLANG_WARN_ENUM_CONVERSION = YES;
				CLANG_WARN_INFINITE_RECURSION = YES;
				CLANG_WARN_INT_CONVERSION = YES;
				CLANG_WARN_NON_LITERAL_NULL_CONVERSION = YES;
				CLANG_WARN_OBJC_IMPLICIT_RETAIN_SELF = YES;
				CLANG_WARN_OBJC_LITERAL_CONVERSION = YES;
				CLANG_WARN_OBJC_ROOT_CLASS = YES_ERROR;
				CLANG_WARN_RANGE_LOOP_ANALYSIS = YES;
				CLANG_WARN_STRICT_PROTOTYPES = YES;
				CLANG_WARN_SUSPICIOUS_MOVE = YES;
				CLANG_WARN_UNGUARDED_AVAILABILITY = YES_AGGRESSIVE;
				CLANG_WARN_UNREACHABLE_CODE = YES;
				CLANG_WARN__DUPLICATE_METHOD_MATCH = YES;
				COPY_PHASE_STRIP = NO;
				DEBUG_INFORMATION_FORMAT = dwarf;
				ENABLE_STRICT_OBJC_MSGSEND = YES;
				ENABLE_TESTABILITY = YES;
				GCC_C_LANGUAGE_STANDARD = gnu11;
				GCC_DYNAMIC_NO_PIC = NO;
				GCC_NO_COMMON_BLOCKS = YES;
				GCC_OPTIMIZATION_LEVEL = 0;
				GCC_PREPROCESSOR_DEFINITIONS = (
					"DEBUG=1",
					"$(inherited)",
				);
				GCC_WARN_64_TO_32_BIT_CONVERSION = YES;
				GCC_WARN_ABOUT_RETURN_TYPE = YES_ERROR;
				GCC_WARN_UNDECLARED_SELECTOR = YES;
				GCC_WARN_UNINITIALIZED_AUTOS = YES_AGGRESSIVE;
				GCC_WARN_UNUSED_FUNCTION = YES;
				GCC_WARN_UNUSED_VARIABLE = YES;
				IPHONEOS_DEPLOYMENT_TARGET = 13.2;
				MTL_ENABLE_DEBUG_INFO = INCLUDE_SOURCE;
				MTL_FAST_MATH = YES;
				ONLY_ACTIVE_ARCH = YES;
				SDKROOT = iphoneos;
				SWIFT_ACTIVE_COMPILATION_CONDITIONS = DEBUG;
				SWIFT_OPTIMIZATION_LEVEL = "-Onone";
			};
			name = Debug;
		};
		FE9BFA1623A0AB2600FBF84A /* Release */ = {
			isa = XCBuildConfiguration;
			buildSettings = {
				ALWAYS_SEARCH_USER_PATHS = NO;
				CLANG_ANALYZER_NONNULL = YES;
				CLANG_ANALYZER_NUMBER_OBJECT_CONVERSION = YES_AGGRESSIVE;
				CLANG_CXX_LANGUAGE_STANDARD = "gnu++14";
				CLANG_CXX_LIBRARY = "libc++";
				CLANG_ENABLE_MODULES = YES;
				CLANG_ENABLE_OBJC_ARC = YES;
				CLANG_ENABLE_OBJC_WEAK = YES;
				CLANG_WARN_BLOCK_CAPTURE_AUTORELEASING = YES;
				CLANG_WARN_BOOL_CONVERSION = YES;
				CLANG_WARN_COMMA = YES;
				CLANG_WARN_CONSTANT_CONVERSION = YES;
				CLANG_WARN_DEPRECATED_OBJC_IMPLEMENTATIONS = YES;
				CLANG_WARN_DIRECT_OBJC_ISA_USAGE = YES_ERROR;
				CLANG_WARN_DOCUMENTATION_COMMENTS = YES;
				CLANG_WARN_EMPTY_BODY = YES;
				CLANG_WARN_ENUM_CONVERSION = YES;
				CLANG_WARN_INFINITE_RECURSION = YES;
				CLANG_WARN_INT_CONVERSION = YES;
				CLANG_WARN_NON_LITERAL_NULL_CONVERSION = YES;
				CLANG_WARN_OBJC_IMPLICIT_RETAIN_SELF = YES;
				CLANG_WARN_OBJC_LITERAL_CONVERSION = YES;
				CLANG_WARN_OBJC_ROOT_CLASS = YES_ERROR;
				CLANG_WARN_RANGE_LOOP_ANALYSIS = YES;
				CLANG_WARN_STRICT_PROTOTYPES = YES;
				CLANG_WARN_SUSPICIOUS_MOVE = YES;
				CLANG_WARN_UNGUARDED_AVAILABILITY = YES_AGGRESSIVE;
				CLANG_WARN_UNREACHABLE_CODE = YES;
				CLANG_WARN__DUPLICATE_METHOD_MATCH = YES;
				COPY_PHASE_STRIP = NO;
				DEBUG_INFORMATION_FORMAT = "dwarf-with-dsym";
				ENABLE_NS_ASSERTIONS = NO;
				ENABLE_STRICT_OBJC_MSGSEND = YES;
				GCC_C_LANGUAGE_STANDARD = gnu11;
				GCC_NO_COMMON_BLOCKS = YES;
				GCC_WARN_64_TO_32_BIT_CONVERSION = YES;
				GCC_WARN_ABOUT_RETURN_TYPE = YES_ERROR;
				GCC_WARN_UNDECLARED_SELECTOR = YES;
				GCC_WARN_UNINITIALIZED_AUTOS = YES_AGGRESSIVE;
				GCC_WARN_UNUSED_FUNCTION = YES;
				GCC_WARN_UNUSED_VARIABLE = YES;
				IPHONEOS_DEPLOYMENT_TARGET = 13.2;
				MTL_ENABLE_DEBUG_INFO = NO;
				MTL_FAST_MATH = YES;
				SDKROOT = iphoneos;
				SWIFT_COMPILATION_MODE = wholemodule;
				SWIFT_OPTIMIZATION_LEVEL = "-O";
				VALIDATE_PRODUCT = YES;
			};
			name = Release;
		};
		FE9BFA1823A0AB2600FBF84A /* Debug */ = {
			isa = XCBuildConfiguration;
			buildSettings = {
				ALWAYS_EMBED_SWIFT_STANDARD_LIBRARIES = YES;
				ASSETCATALOG_COMPILER_APPICON_NAME = AppIcon;
				CODE_SIGN_STYLE = Automatic;
				FRAMEWORK_SEARCH_PATHS = (
					"$(inherited)",
					"$(PROJECT_DIR)/Carthage/Build/iOS",
				);
				INFOPLIST_FILE = PhotoClient/Info.plist;
				IPHONEOS_DEPLOYMENT_TARGET = 13.0;
				LD_RUNPATH_SEARCH_PATHS = (
					"$(inherited)",
					"@executable_path/Frameworks",
				);
				PRODUCT_BUNDLE_IDENTIFIER = com.nhat.PhotoClient;
				PRODUCT_NAME = "$(TARGET_NAME)";
				SWIFT_VERSION = 5.0;
				TARGETED_DEVICE_FAMILY = "1,2";
			};
			name = Debug;
		};
		FE9BFA1923A0AB2600FBF84A /* Release */ = {
			isa = XCBuildConfiguration;
			buildSettings = {
				ALWAYS_EMBED_SWIFT_STANDARD_LIBRARIES = YES;
				ASSETCATALOG_COMPILER_APPICON_NAME = AppIcon;
				CODE_SIGN_STYLE = Automatic;
				FRAMEWORK_SEARCH_PATHS = (
					"$(inherited)",
					"$(PROJECT_DIR)/Carthage/Build/iOS",
				);
				INFOPLIST_FILE = PhotoClient/Info.plist;
				IPHONEOS_DEPLOYMENT_TARGET = 13.0;
				LD_RUNPATH_SEARCH_PATHS = (
					"$(inherited)",
					"@executable_path/Frameworks",
				);
				PRODUCT_BUNDLE_IDENTIFIER = com.nhat.PhotoClient;
				PRODUCT_NAME = "$(TARGET_NAME)";
				SWIFT_VERSION = 5.0;
				TARGETED_DEVICE_FAMILY = "1,2";
			};
			name = Release;
		};
		FE9BFA1B23A0AB2600FBF84A /* Debug */ = {
			isa = XCBuildConfiguration;
			buildSettings = {
				ALWAYS_EMBED_SWIFT_STANDARD_LIBRARIES = YES;
				BUNDLE_LOADER = "$(TEST_HOST)";
				CODE_SIGN_STYLE = Automatic;
				FRAMEWORK_SEARCH_PATHS = (
					"$(inherited)",
					"$(PROJECT_DIR)/Carthage/Build/iOS",
				);
				INFOPLIST_FILE = Tests/PhotoClientTests/Info.plist;
				IPHONEOS_DEPLOYMENT_TARGET = 13.0;
				LD_RUNPATH_SEARCH_PATHS = (
					"$(inherited)",
					"@executable_path/Frameworks",
					"@loader_path/Frameworks",
				);
				PRODUCT_BUNDLE_IDENTIFIER = com.nhat.PhotoClientTests;
				PRODUCT_NAME = "$(TARGET_NAME)";
				SWIFT_VERSION = 5.0;
				TARGETED_DEVICE_FAMILY = "1,2";
				TEST_HOST = "$(BUILT_PRODUCTS_DIR)/PhotoClient.app/PhotoClient";
			};
			name = Debug;
		};
		FE9BFA1C23A0AB2600FBF84A /* Release */ = {
			isa = XCBuildConfiguration;
			buildSettings = {
				ALWAYS_EMBED_SWIFT_STANDARD_LIBRARIES = YES;
				BUNDLE_LOADER = "$(TEST_HOST)";
				CODE_SIGN_STYLE = Automatic;
				FRAMEWORK_SEARCH_PATHS = (
					"$(inherited)",
					"$(PROJECT_DIR)/Carthage/Build/iOS",
				);
				INFOPLIST_FILE = Tests/PhotoClientTests/Info.plist;
				IPHONEOS_DEPLOYMENT_TARGET = 13.0;
				LD_RUNPATH_SEARCH_PATHS = (
					"$(inherited)",
					"@executable_path/Frameworks",
					"@loader_path/Frameworks",
				);
				PRODUCT_BUNDLE_IDENTIFIER = com.nhat.PhotoClientTests;
				PRODUCT_NAME = "$(TARGET_NAME)";
				SWIFT_VERSION = 5.0;
				TARGETED_DEVICE_FAMILY = "1,2";
				TEST_HOST = "$(BUILT_PRODUCTS_DIR)/PhotoClient.app/PhotoClient";
			};
			name = Release;
		};
		FE9BFA1E23A0AB2600FBF84A /* Debug */ = {
			isa = XCBuildConfiguration;
			buildSettings = {
				ALWAYS_EMBED_SWIFT_STANDARD_LIBRARIES = YES;
				CODE_SIGN_STYLE = Automatic;
				FRAMEWORK_SEARCH_PATHS = (
					"$(inherited)",
					"$(PROJECT_DIR)/Carthage/Build/iOS",
				);
				INFOPLIST_FILE = Tests/PhotoClientUITests/Info.plist;
				IPHONEOS_DEPLOYMENT_TARGET = 13.0;
				LD_RUNPATH_SEARCH_PATHS = (
					"$(inherited)",
					"@executable_path/Frameworks",
					"@loader_path/Frameworks",
				);
				PRODUCT_BUNDLE_IDENTIFIER = com.nhat.PhotoClientUITests;
				PRODUCT_NAME = "$(TARGET_NAME)";
				SWIFT_VERSION = 5.0;
				TARGETED_DEVICE_FAMILY = "1,2";
				TEST_TARGET_NAME = PhotoClient;
			};
			name = Debug;
		};
		FE9BFA1F23A0AB2600FBF84A /* Release */ = {
			isa = XCBuildConfiguration;
			buildSettings = {
				ALWAYS_EMBED_SWIFT_STANDARD_LIBRARIES = YES;
				CODE_SIGN_STYLE = Automatic;
				FRAMEWORK_SEARCH_PATHS = (
					"$(inherited)",
					"$(PROJECT_DIR)/Carthage/Build/iOS",
				);
				INFOPLIST_FILE = Tests/PhotoClientUITests/Info.plist;
				IPHONEOS_DEPLOYMENT_TARGET = 13.0;
				LD_RUNPATH_SEARCH_PATHS = (
					"$(inherited)",
					"@executable_path/Frameworks",
					"@loader_path/Frameworks",
				);
				PRODUCT_BUNDLE_IDENTIFIER = com.nhat.PhotoClientUITests;
				PRODUCT_NAME = "$(TARGET_NAME)";
				SWIFT_VERSION = 5.0;
				TARGETED_DEVICE_FAMILY = "1,2";
				TEST_TARGET_NAME = PhotoClient;
			};
			name = Release;
		};
		FE9BFA4023A0AD4C00FBF84A /* Debug */ = {
			isa = XCBuildConfiguration;
			buildSettings = {
				CLANG_ENABLE_MODULES = YES;
				CODE_SIGN_STYLE = Automatic;
				CURRENT_PROJECT_VERSION = 1;
				DEFINES_MODULE = YES;
				DYLIB_COMPATIBILITY_VERSION = 1;
				DYLIB_CURRENT_VERSION = 1;
				DYLIB_INSTALL_NAME_BASE = "@rpath";
				FRAMEWORK_SEARCH_PATHS = (
					"$(inherited)",
					"$(PROJECT_DIR)/Carthage/Build/iOS",
				);
				INFOPLIST_FILE = PhotoClientView/Info.plist;
				INSTALL_PATH = "$(LOCAL_LIBRARY_DIR)/Frameworks";
				IPHONEOS_DEPLOYMENT_TARGET = 13.0;
				LD_RUNPATH_SEARCH_PATHS = (
					"$(inherited)",
					"@executable_path/Frameworks",
					"@loader_path/Frameworks",
				);
				PRODUCT_BUNDLE_IDENTIFIER = com.nhat.PhotoClientView;
				PRODUCT_NAME = "$(TARGET_NAME:c99extidentifier)";
				SKIP_INSTALL = YES;
				SWIFT_OPTIMIZATION_LEVEL = "-Onone";
				SWIFT_VERSION = 5.0;
				TARGETED_DEVICE_FAMILY = "1,2";
				VERSIONING_SYSTEM = "apple-generic";
				VERSION_INFO_PREFIX = "";
			};
			name = Debug;
		};
		FE9BFA4123A0AD4C00FBF84A /* Release */ = {
			isa = XCBuildConfiguration;
			buildSettings = {
				CLANG_ENABLE_MODULES = YES;
				CODE_SIGN_STYLE = Automatic;
				CURRENT_PROJECT_VERSION = 1;
				DEFINES_MODULE = YES;
				DYLIB_COMPATIBILITY_VERSION = 1;
				DYLIB_CURRENT_VERSION = 1;
				DYLIB_INSTALL_NAME_BASE = "@rpath";
				FRAMEWORK_SEARCH_PATHS = (
					"$(inherited)",
					"$(PROJECT_DIR)/Carthage/Build/iOS",
				);
				INFOPLIST_FILE = PhotoClientView/Info.plist;
				INSTALL_PATH = "$(LOCAL_LIBRARY_DIR)/Frameworks";
				IPHONEOS_DEPLOYMENT_TARGET = 13.0;
				LD_RUNPATH_SEARCH_PATHS = (
					"$(inherited)",
					"@executable_path/Frameworks",
					"@loader_path/Frameworks",
				);
				PRODUCT_BUNDLE_IDENTIFIER = com.nhat.PhotoClientView;
				PRODUCT_NAME = "$(TARGET_NAME:c99extidentifier)";
				SKIP_INSTALL = YES;
				SWIFT_VERSION = 5.0;
				TARGETED_DEVICE_FAMILY = "1,2";
				VERSIONING_SYSTEM = "apple-generic";
				VERSION_INFO_PREFIX = "";
			};
			name = Release;
		};
		FE9BFA4423A0AD4C00FBF84A /* Debug */ = {
			isa = XCBuildConfiguration;
			buildSettings = {
				ALWAYS_EMBED_SWIFT_STANDARD_LIBRARIES = YES;
				CODE_SIGN_STYLE = Automatic;
				FRAMEWORK_SEARCH_PATHS = (
					"$(inherited)",
					"$(PROJECT_DIR)/Carthage/Build/iOS",
				);
				INFOPLIST_FILE = Tests/PhotoClientViewTests/Info.plist;
				IPHONEOS_DEPLOYMENT_TARGET = 13.0;
				LD_RUNPATH_SEARCH_PATHS = (
					"$(inherited)",
					"@executable_path/Frameworks",
					"@loader_path/Frameworks",
				);
				PRODUCT_BUNDLE_IDENTIFIER = com.nhat.PhotoClientViewTests;
				PRODUCT_NAME = "$(TARGET_NAME)";
				SWIFT_VERSION = 5.0;
				TARGETED_DEVICE_FAMILY = "1,2";
			};
			name = Debug;
		};
		FE9BFA4523A0AD4C00FBF84A /* Release */ = {
			isa = XCBuildConfiguration;
			buildSettings = {
				ALWAYS_EMBED_SWIFT_STANDARD_LIBRARIES = YES;
				CODE_SIGN_STYLE = Automatic;
				FRAMEWORK_SEARCH_PATHS = (
					"$(inherited)",
					"$(PROJECT_DIR)/Carthage/Build/iOS",
				);
				INFOPLIST_FILE = Tests/PhotoClientViewTests/Info.plist;
				IPHONEOS_DEPLOYMENT_TARGET = 13.0;
				LD_RUNPATH_SEARCH_PATHS = (
					"$(inherited)",
					"@executable_path/Frameworks",
					"@loader_path/Frameworks",
				);
				PRODUCT_BUNDLE_IDENTIFIER = com.nhat.PhotoClientViewTests;
				PRODUCT_NAME = "$(TARGET_NAME)";
				SWIFT_VERSION = 5.0;
				TARGETED_DEVICE_FAMILY = "1,2";
			};
			name = Release;
		};
		FE9BFA6323A0AD6000FBF84A /* Debug */ = {
			isa = XCBuildConfiguration;
			buildSettings = {
				CODE_SIGN_STYLE = Automatic;
				CURRENT_PROJECT_VERSION = 1;
				DEFINES_MODULE = YES;
				DYLIB_COMPATIBILITY_VERSION = 1;
				DYLIB_CURRENT_VERSION = 1;
				DYLIB_INSTALL_NAME_BASE = "@rpath";
				FRAMEWORK_SEARCH_PATHS = (
					"$(inherited)",
					"$(PROJECT_DIR)/Carthage/Build/iOS",
				);
				INFOPLIST_FILE = PhotoClientViewModel/Info.plist;
				INSTALL_PATH = "$(LOCAL_LIBRARY_DIR)/Frameworks";
				IPHONEOS_DEPLOYMENT_TARGET = 13.0;
				LD_RUNPATH_SEARCH_PATHS = (
					"$(inherited)",
					"@executable_path/Frameworks",
					"@loader_path/Frameworks",
				);
				PRODUCT_BUNDLE_IDENTIFIER = com.nhat.PhotoClientViewModel;
				PRODUCT_NAME = "$(TARGET_NAME:c99extidentifier)";
				SKIP_INSTALL = YES;
				SWIFT_VERSION = 5.0;
				TARGETED_DEVICE_FAMILY = "1,2";
				VERSIONING_SYSTEM = "apple-generic";
				VERSION_INFO_PREFIX = "";
			};
			name = Debug;
		};
		FE9BFA6423A0AD6000FBF84A /* Release */ = {
			isa = XCBuildConfiguration;
			buildSettings = {
				CODE_SIGN_STYLE = Automatic;
				CURRENT_PROJECT_VERSION = 1;
				DEFINES_MODULE = YES;
				DYLIB_COMPATIBILITY_VERSION = 1;
				DYLIB_CURRENT_VERSION = 1;
				DYLIB_INSTALL_NAME_BASE = "@rpath";
				FRAMEWORK_SEARCH_PATHS = (
					"$(inherited)",
					"$(PROJECT_DIR)/Carthage/Build/iOS",
				);
				INFOPLIST_FILE = PhotoClientViewModel/Info.plist;
				INSTALL_PATH = "$(LOCAL_LIBRARY_DIR)/Frameworks";
				IPHONEOS_DEPLOYMENT_TARGET = 13.0;
				LD_RUNPATH_SEARCH_PATHS = (
					"$(inherited)",
					"@executable_path/Frameworks",
					"@loader_path/Frameworks",
				);
				PRODUCT_BUNDLE_IDENTIFIER = com.nhat.PhotoClientViewModel;
				PRODUCT_NAME = "$(TARGET_NAME:c99extidentifier)";
				SKIP_INSTALL = YES;
				SWIFT_VERSION = 5.0;
				TARGETED_DEVICE_FAMILY = "1,2";
				VERSIONING_SYSTEM = "apple-generic";
				VERSION_INFO_PREFIX = "";
			};
			name = Release;
		};
		FE9BFA6623A0AD6000FBF84A /* Debug */ = {
			isa = XCBuildConfiguration;
			buildSettings = {
				ALWAYS_EMBED_SWIFT_STANDARD_LIBRARIES = YES;
				CODE_SIGN_STYLE = Automatic;
				FRAMEWORK_SEARCH_PATHS = (
					"$(inherited)",
					"$(PROJECT_DIR)/Carthage/Build/iOS",
				);
				INFOPLIST_FILE = Tests/PhotoClientViewModelTests/Info.plist;
				IPHONEOS_DEPLOYMENT_TARGET = 13.0;
				LD_RUNPATH_SEARCH_PATHS = (
					"$(inherited)",
					"@executable_path/Frameworks",
					"@loader_path/Frameworks",
				);
				PRODUCT_BUNDLE_IDENTIFIER = com.nhat.PhotoClientViewModelTests;
				PRODUCT_NAME = "$(TARGET_NAME)";
				SWIFT_VERSION = 5.0;
				TARGETED_DEVICE_FAMILY = "1,2";
			};
			name = Debug;
		};
		FE9BFA6723A0AD6000FBF84A /* Release */ = {
			isa = XCBuildConfiguration;
			buildSettings = {
				ALWAYS_EMBED_SWIFT_STANDARD_LIBRARIES = YES;
				CODE_SIGN_STYLE = Automatic;
				FRAMEWORK_SEARCH_PATHS = (
					"$(inherited)",
					"$(PROJECT_DIR)/Carthage/Build/iOS",
				);
				INFOPLIST_FILE = Tests/PhotoClientViewModelTests/Info.plist;
				IPHONEOS_DEPLOYMENT_TARGET = 13.0;
				LD_RUNPATH_SEARCH_PATHS = (
					"$(inherited)",
					"@executable_path/Frameworks",
					"@loader_path/Frameworks",
				);
				PRODUCT_BUNDLE_IDENTIFIER = com.nhat.PhotoClientViewModelTests;
				PRODUCT_NAME = "$(TARGET_NAME)";
				SWIFT_VERSION = 5.0;
				TARGETED_DEVICE_FAMILY = "1,2";
			};
			name = Release;
		};
		FE9BFA8523A0AD7100FBF84A /* Debug */ = {
			isa = XCBuildConfiguration;
			buildSettings = {
				CLANG_ENABLE_MODULES = YES;
				CODE_SIGN_STYLE = Automatic;
				CURRENT_PROJECT_VERSION = 1;
				DEFINES_MODULE = YES;
				DYLIB_COMPATIBILITY_VERSION = 1;
				DYLIB_CURRENT_VERSION = 1;
				DYLIB_INSTALL_NAME_BASE = "@rpath";
				FRAMEWORK_SEARCH_PATHS = (
					"$(inherited)",
					"$(PROJECT_DIR)/Carthage/Build/iOS",
				);
				INFOPLIST_FILE = PhotoClientModel/Info.plist;
				INSTALL_PATH = "$(LOCAL_LIBRARY_DIR)/Frameworks";
				IPHONEOS_DEPLOYMENT_TARGET = 13.0;
				LD_RUNPATH_SEARCH_PATHS = (
					"$(inherited)",
					"@executable_path/Frameworks",
					"@loader_path/Frameworks",
				);
				PRODUCT_BUNDLE_IDENTIFIER = com.nhat.PhotoClientModel;
				PRODUCT_NAME = "$(TARGET_NAME:c99extidentifier)";
				SKIP_INSTALL = YES;
				SWIFT_OPTIMIZATION_LEVEL = "-Onone";
				SWIFT_VERSION = 5.0;
				TARGETED_DEVICE_FAMILY = "1,2";
				VERSIONING_SYSTEM = "apple-generic";
				VERSION_INFO_PREFIX = "";
			};
			name = Debug;
		};
		FE9BFA8623A0AD7100FBF84A /* Release */ = {
			isa = XCBuildConfiguration;
			buildSettings = {
				CLANG_ENABLE_MODULES = YES;
				CODE_SIGN_STYLE = Automatic;
				CURRENT_PROJECT_VERSION = 1;
				DEFINES_MODULE = YES;
				DYLIB_COMPATIBILITY_VERSION = 1;
				DYLIB_CURRENT_VERSION = 1;
				DYLIB_INSTALL_NAME_BASE = "@rpath";
				FRAMEWORK_SEARCH_PATHS = (
					"$(inherited)",
					"$(PROJECT_DIR)/Carthage/Build/iOS",
				);
				INFOPLIST_FILE = PhotoClientModel/Info.plist;
				INSTALL_PATH = "$(LOCAL_LIBRARY_DIR)/Frameworks";
				IPHONEOS_DEPLOYMENT_TARGET = 13.0;
				LD_RUNPATH_SEARCH_PATHS = (
					"$(inherited)",
					"@executable_path/Frameworks",
					"@loader_path/Frameworks",
				);
				PRODUCT_BUNDLE_IDENTIFIER = com.nhat.PhotoClientModel;
				PRODUCT_NAME = "$(TARGET_NAME:c99extidentifier)";
				SKIP_INSTALL = YES;
				SWIFT_VERSION = 5.0;
				TARGETED_DEVICE_FAMILY = "1,2";
				VERSIONING_SYSTEM = "apple-generic";
				VERSION_INFO_PREFIX = "";
			};
			name = Release;
		};
		FE9BFA8823A0AD7100FBF84A /* Debug */ = {
			isa = XCBuildConfiguration;
			buildSettings = {
				ALWAYS_EMBED_SWIFT_STANDARD_LIBRARIES = YES;
				CODE_SIGN_STYLE = Automatic;
				FRAMEWORK_SEARCH_PATHS = (
					"$(inherited)",
					"$(PROJECT_DIR)/Carthage/Build/iOS",
				);
				INFOPLIST_FILE = Tests/PhotoClientModelTests/Info.plist;
				IPHONEOS_DEPLOYMENT_TARGET = 13.0;
				LD_RUNPATH_SEARCH_PATHS = (
					"$(inherited)",
					"@executable_path/Frameworks",
					"@loader_path/Frameworks",
				);
				PRODUCT_BUNDLE_IDENTIFIER = com.nhat.PhotoClientModelTests;
				PRODUCT_NAME = "$(TARGET_NAME)";
				SWIFT_VERSION = 5.0;
				TARGETED_DEVICE_FAMILY = "1,2";
			};
			name = Debug;
		};
		FE9BFA8923A0AD7100FBF84A /* Release */ = {
			isa = XCBuildConfiguration;
			buildSettings = {
				ALWAYS_EMBED_SWIFT_STANDARD_LIBRARIES = YES;
				CODE_SIGN_STYLE = Automatic;
				FRAMEWORK_SEARCH_PATHS = (
					"$(inherited)",
					"$(PROJECT_DIR)/Carthage/Build/iOS",
				);
				INFOPLIST_FILE = Tests/PhotoClientModelTests/Info.plist;
				IPHONEOS_DEPLOYMENT_TARGET = 13.0;
				LD_RUNPATH_SEARCH_PATHS = (
					"$(inherited)",
					"@executable_path/Frameworks",
					"@loader_path/Frameworks",
				);
				PRODUCT_BUNDLE_IDENTIFIER = com.nhat.PhotoClientModelTests;
				PRODUCT_NAME = "$(TARGET_NAME)";
				SWIFT_VERSION = 5.0;
				TARGETED_DEVICE_FAMILY = "1,2";
			};
			name = Release;
		};
/* End XCBuildConfiguration section */

/* Begin XCConfigurationList section */
		FE9BF9E823A0AB2300FBF84A /* Build configuration list for PBXProject "PhotoClient" */ = {
			isa = XCConfigurationList;
			buildConfigurations = (
				FE9BFA1523A0AB2600FBF84A /* Debug */,
				FE9BFA1623A0AB2600FBF84A /* Release */,
			);
			defaultConfigurationIsVisible = 0;
			defaultConfigurationName = Release;
		};
		FE9BFA1723A0AB2600FBF84A /* Build configuration list for PBXNativeTarget "PhotoClient" */ = {
			isa = XCConfigurationList;
			buildConfigurations = (
				FE9BFA1823A0AB2600FBF84A /* Debug */,
				FE9BFA1923A0AB2600FBF84A /* Release */,
			);
			defaultConfigurationIsVisible = 0;
			defaultConfigurationName = Release;
		};
		FE9BFA1A23A0AB2600FBF84A /* Build configuration list for PBXNativeTarget "PhotoClientTests" */ = {
			isa = XCConfigurationList;
			buildConfigurations = (
				FE9BFA1B23A0AB2600FBF84A /* Debug */,
				FE9BFA1C23A0AB2600FBF84A /* Release */,
			);
			defaultConfigurationIsVisible = 0;
			defaultConfigurationName = Release;
		};
		FE9BFA1D23A0AB2600FBF84A /* Build configuration list for PBXNativeTarget "PhotoClientUITests" */ = {
			isa = XCConfigurationList;
			buildConfigurations = (
				FE9BFA1E23A0AB2600FBF84A /* Debug */,
				FE9BFA1F23A0AB2600FBF84A /* Release */,
			);
			defaultConfigurationIsVisible = 0;
			defaultConfigurationName = Release;
		};
		FE9BFA3F23A0AD4C00FBF84A /* Build configuration list for PBXNativeTarget "PhotoClientView" */ = {
			isa = XCConfigurationList;
			buildConfigurations = (
				FE9BFA4023A0AD4C00FBF84A /* Debug */,
				FE9BFA4123A0AD4C00FBF84A /* Release */,
			);
			defaultConfigurationIsVisible = 0;
			defaultConfigurationName = Release;
		};
		FE9BFA4323A0AD4C00FBF84A /* Build configuration list for PBXNativeTarget "PhotoClientViewTests" */ = {
			isa = XCConfigurationList;
			buildConfigurations = (
				FE9BFA4423A0AD4C00FBF84A /* Debug */,
				FE9BFA4523A0AD4C00FBF84A /* Release */,
			);
			defaultConfigurationIsVisible = 0;
			defaultConfigurationName = Release;
		};
		FE9BFA6223A0AD6000FBF84A /* Build configuration list for PBXNativeTarget "PhotoClientViewModel" */ = {
			isa = XCConfigurationList;
			buildConfigurations = (
				FE9BFA6323A0AD6000FBF84A /* Debug */,
				FE9BFA6423A0AD6000FBF84A /* Release */,
			);
			defaultConfigurationIsVisible = 0;
			defaultConfigurationName = Release;
		};
		FE9BFA6523A0AD6000FBF84A /* Build configuration list for PBXNativeTarget "PhotoClientViewModelTests" */ = {
			isa = XCConfigurationList;
			buildConfigurations = (
				FE9BFA6623A0AD6000FBF84A /* Debug */,
				FE9BFA6723A0AD6000FBF84A /* Release */,
			);
			defaultConfigurationIsVisible = 0;
			defaultConfigurationName = Release;
		};
		FE9BFA8423A0AD7100FBF84A /* Build configuration list for PBXNativeTarget "PhotoClientModel" */ = {
			isa = XCConfigurationList;
			buildConfigurations = (
				FE9BFA8523A0AD7100FBF84A /* Debug */,
				FE9BFA8623A0AD7100FBF84A /* Release */,
			);
			defaultConfigurationIsVisible = 0;
			defaultConfigurationName = Release;
		};
		FE9BFA8723A0AD7100FBF84A /* Build configuration list for PBXNativeTarget "PhotoClientModelTests" */ = {
			isa = XCConfigurationList;
			buildConfigurations = (
				FE9BFA8823A0AD7100FBF84A /* Debug */,
				FE9BFA8923A0AD7100FBF84A /* Release */,
			);
			defaultConfigurationIsVisible = 0;
			defaultConfigurationName = Release;
		};
/* End XCConfigurationList section */
	};
	rootObject = FE9BF9E523A0AB2300FBF84A /* Project object */;
}
